// !$*UTF8*$!
{
	archiveVersion = 1;
	classes = {
	};
	objectVersion = 46;
	objects = {

/* Begin PBXBuildFile section */
		D042521E1770B7DD000C348B /* UIKit.framework in Frameworks */ = {isa = PBXBuildFile; fileRef = D042521D1770B7DD000C348B /* UIKit.framework */; };
		D04252201770B7DD000C348B /* Foundation.framework in Frameworks */ = {isa = PBXBuildFile; fileRef = D042521F1770B7DD000C348B /* Foundation.framework */; };
		D04252221770B7DD000C348B /* CoreGraphics.framework in Frameworks */ = {isa = PBXBuildFile; fileRef = D04252211770B7DD000C348B /* CoreGraphics.framework */; };
		D04252281770B7DD000C348B /* InfoPlist.strings in Resources */ = {isa = PBXBuildFile; fileRef = D04252261770B7DD000C348B /* InfoPlist.strings */; };
		D042522A1770B7DD000C348B /* main.m in Sources */ = {isa = PBXBuildFile; fileRef = D04252291770B7DD000C348B /* main.m */; };
		D042522E1770B7DD000C348B /* netraAppDelegate.m in Sources */ = {isa = PBXBuildFile; fileRef = D042522D1770B7DD000C348B /* netraAppDelegate.m */; };
		D04252301770B7DD000C348B /* Default.png in Resources */ = {isa = PBXBuildFile; fileRef = D042522F1770B7DD000C348B /* Default.png */; };
		D04252321770B7DD000C348B /* Default@2x.png in Resources */ = {isa = PBXBuildFile; fileRef = D04252311770B7DD000C348B /* Default@2x.png */; };
		D04252341770B7DD000C348B /* Default-568h@2x.png in Resources */ = {isa = PBXBuildFile; fileRef = D04252331770B7DD000C348B /* Default-568h@2x.png */; };
		D04252401770B834000C348B /* netraViewController.m in Sources */ = {isa = PBXBuildFile; fileRef = D042523F1770B834000C348B /* netraViewController.m */; };
		D04252481770B9A3000C348B /* JASidePanelController.m in Sources */ = {isa = PBXBuildFile; fileRef = D04252451770B9A3000C348B /* JASidePanelController.m */; settings = {COMPILER_FLAGS = "-fobjc-arc"; }; };
		D04252491770B9A3000C348B /* UIViewController+JASidePanel.m in Sources */ = {isa = PBXBuildFile; fileRef = D04252471770B9A3000C348B /* UIViewController+JASidePanel.m */; settings = {COMPILER_FLAGS = "-fobjc-arc"; }; };
		D04252621770B9B8000C348B /* AFHTTPClient.m in Sources */ = {isa = PBXBuildFile; fileRef = D042524C1770B9B8000C348B /* AFHTTPClient.m */; settings = {COMPILER_FLAGS = "-fno-objc-arc"; }; };
		D04252631770B9B8000C348B /* AFHTTPRequestOperation.m in Sources */ = {isa = PBXBuildFile; fileRef = D042524E1770B9B8000C348B /* AFHTTPRequestOperation.m */; settings = {COMPILER_FLAGS = "-fno-objc-arc"; }; };
		D04252641770B9B8000C348B /* AFImageRequestOperation.m in Sources */ = {isa = PBXBuildFile; fileRef = D04252501770B9B8000C348B /* AFImageRequestOperation.m */; settings = {COMPILER_FLAGS = "-fno-objc-arc"; }; };
		D04252651770B9B8000C348B /* AFJSONRequestOperation.m in Sources */ = {isa = PBXBuildFile; fileRef = D04252521770B9B8000C348B /* AFJSONRequestOperation.m */; settings = {COMPILER_FLAGS = "-fno-objc-arc"; }; };
		D04252661770B9B8000C348B /* AFJSONUtilities.m in Sources */ = {isa = PBXBuildFile; fileRef = D04252541770B9B8000C348B /* AFJSONUtilities.m */; settings = {COMPILER_FLAGS = "-fno-objc-arc"; }; };
		D04252671770B9B8000C348B /* AFNetworkActivityIndicatorManager.m in Sources */ = {isa = PBXBuildFile; fileRef = D04252561770B9B8000C348B /* AFNetworkActivityIndicatorManager.m */; settings = {COMPILER_FLAGS = "-fno-objc-arc"; }; };
		D04252681770B9B8000C348B /* AFPropertyListRequestOperation.m in Sources */ = {isa = PBXBuildFile; fileRef = D04252591770B9B8000C348B /* AFPropertyListRequestOperation.m */; settings = {COMPILER_FLAGS = "-fno-objc-arc"; }; };
		D04252691770B9B8000C348B /* AFURLConnectionOperation.m in Sources */ = {isa = PBXBuildFile; fileRef = D042525B1770B9B8000C348B /* AFURLConnectionOperation.m */; settings = {COMPILER_FLAGS = "-fno-objc-arc"; }; };
		D042526A1770B9B8000C348B /* AFXMLRequestOperation.m in Sources */ = {isa = PBXBuildFile; fileRef = D042525D1770B9B8000C348B /* AFXMLRequestOperation.m */; settings = {COMPILER_FLAGS = "-fno-objc-arc"; }; };
		D042526B1770B9B8000C348B /* JSONKit.m in Sources */ = {isa = PBXBuildFile; fileRef = D042525F1770B9B8000C348B /* JSONKit.m */; settings = {COMPILER_FLAGS = "-fno-objc-arc"; }; };
		D042526C1770B9B8000C348B /* UIImageView+AFNetworking.m in Sources */ = {isa = PBXBuildFile; fileRef = D04252611770B9B8000C348B /* UIImageView+AFNetworking.m */; settings = {COMPILER_FLAGS = "-fno-objc-arc"; }; };
		D042526F1770BAA9000C348B /* QuartzCore.framework in Frameworks */ = {isa = PBXBuildFile; fileRef = D042526D1770BA9E000C348B /* QuartzCore.framework */; };
		D04252721770BC81000C348B /* netraViewControllerRight.m in Sources */ = {isa = PBXBuildFile; fileRef = D04252711770BC81000C348B /* netraViewControllerRight.m */; };
		D04252751770BDDF000C348B /* netraLeftViewController.m in Sources */ = {isa = PBXBuildFile; fileRef = D04252741770BDDF000C348B /* netraLeftViewController.m */; };
		D09CD10817715718000CD39D /* netraGlobal.m in Sources */ = {isa = PBXBuildFile; fileRef = D09CD10717715718000CD39D /* netraGlobal.m */; };
		D09CD10F17719187000CD39D /* netraNewsObject.m in Sources */ = {isa = PBXBuildFile; fileRef = D09CD10E17719187000CD39D /* netraNewsObject.m */; };
		D09CD113177191A9000CD39D /* netraTrading.m in Sources */ = {isa = PBXBuildFile; fileRef = D09CD112177191A9000CD39D /* netraTrading.m */; };
/* End PBXBuildFile section */

/* Begin PBXFileReference section */
		D042521A1770B7DD000C348B /* PAN-AM.app */ = {isa = PBXFileReference; explicitFileType = wrapper.application; includeInIndex = 0; path = "PAN-AM.app"; sourceTree = BUILT_PRODUCTS_DIR; };
		D042521D1770B7DD000C348B /* UIKit.framework */ = {isa = PBXFileReference; lastKnownFileType = wrapper.framework; name = UIKit.framework; path = System/Library/Frameworks/UIKit.framework; sourceTree = SDKROOT; };
		D042521F1770B7DD000C348B /* Foundation.framework */ = {isa = PBXFileReference; lastKnownFileType = wrapper.framework; name = Foundation.framework; path = System/Library/Frameworks/Foundation.framework; sourceTree = SDKROOT; };
		D04252211770B7DD000C348B /* CoreGraphics.framework */ = {isa = PBXFileReference; lastKnownFileType = wrapper.framework; name = CoreGraphics.framework; path = System/Library/Frameworks/CoreGraphics.framework; sourceTree = SDKROOT; };
		D04252251770B7DD000C348B /* PAN-AM-Info.plist */ = {isa = PBXFileReference; lastKnownFileType = text.plist.xml; path = "PAN-AM-Info.plist"; sourceTree = "<group>"; };
		D04252271770B7DD000C348B /* en */ = {isa = PBXFileReference; lastKnownFileType = text.plist.strings; name = en; path = en.lproj/InfoPlist.strings; sourceTree = "<group>"; };
		D04252291770B7DD000C348B /* main.m */ = {isa = PBXFileReference; lastKnownFileType = sourcecode.c.objc; path = main.m; sourceTree = "<group>"; };
		D042522B1770B7DD000C348B /* PAN-AM-Prefix.pch */ = {isa = PBXFileReference; lastKnownFileType = sourcecode.c.h; path = "PAN-AM-Prefix.pch"; sourceTree = "<group>"; };
		D042522C1770B7DD000C348B /* netraAppDelegate.h */ = {isa = PBXFileReference; lastKnownFileType = sourcecode.c.h; path = netraAppDelegate.h; sourceTree = "<group>"; };
		D042522D1770B7DD000C348B /* netraAppDelegate.m */ = {isa = PBXFileReference; lastKnownFileType = sourcecode.c.objc; path = netraAppDelegate.m; sourceTree = "<group>"; };
		D042522F1770B7DD000C348B /* Default.png */ = {isa = PBXFileReference; lastKnownFileType = image.png; path = Default.png; sourceTree = "<group>"; };
		D04252311770B7DD000C348B /* Default@2x.png */ = {isa = PBXFileReference; lastKnownFileType = image.png; path = "Default@2x.png"; sourceTree = "<group>"; };
		D04252331770B7DD000C348B /* Default-568h@2x.png */ = {isa = PBXFileReference; lastKnownFileType = image.png; path = "Default-568h@2x.png"; sourceTree = "<group>"; };
		D042523E1770B834000C348B /* netraViewController.h */ = {isa = PBXFileReference; fileEncoding = 4; lastKnownFileType = sourcecode.c.h; path = netraViewController.h; sourceTree = "<group>"; };
		D042523F1770B834000C348B /* netraViewController.m */ = {isa = PBXFileReference; fileEncoding = 4; lastKnownFileType = sourcecode.c.objc; path = netraViewController.m; sourceTree = "<group>"; };
		D04252441770B9A3000C348B /* JASidePanelController.h */ = {isa = PBXFileReference; fileEncoding = 4; lastKnownFileType = sourcecode.c.h; path = JASidePanelController.h; sourceTree = "<group>"; };
		D04252451770B9A3000C348B /* JASidePanelController.m */ = {isa = PBXFileReference; fileEncoding = 4; lastKnownFileType = sourcecode.c.objc; path = JASidePanelController.m; sourceTree = "<group>"; };
		D04252461770B9A3000C348B /* UIViewController+JASidePanel.h */ = {isa = PBXFileReference; fileEncoding = 4; lastKnownFileType = sourcecode.c.h; path = "UIViewController+JASidePanel.h"; sourceTree = "<group>"; };
		D04252471770B9A3000C348B /* UIViewController+JASidePanel.m */ = {isa = PBXFileReference; fileEncoding = 4; lastKnownFileType = sourcecode.c.objc; path = "UIViewController+JASidePanel.m"; sourceTree = "<group>"; };
		D042524B1770B9B8000C348B /* AFHTTPClient.h */ = {isa = PBXFileReference; fileEncoding = 4; lastKnownFileType = sourcecode.c.h; path = AFHTTPClient.h; sourceTree = "<group>"; };
		D042524C1770B9B8000C348B /* AFHTTPClient.m */ = {isa = PBXFileReference; fileEncoding = 4; lastKnownFileType = sourcecode.c.objc; path = AFHTTPClient.m; sourceTree = "<group>"; };
		D042524D1770B9B8000C348B /* AFHTTPRequestOperation.h */ = {isa = PBXFileReference; fileEncoding = 4; lastKnownFileType = sourcecode.c.h; path = AFHTTPRequestOperation.h; sourceTree = "<group>"; };
		D042524E1770B9B8000C348B /* AFHTTPRequestOperation.m */ = {isa = PBXFileReference; fileEncoding = 4; lastKnownFileType = sourcecode.c.objc; path = AFHTTPRequestOperation.m; sourceTree = "<group>"; };
		D042524F1770B9B8000C348B /* AFImageRequestOperation.h */ = {isa = PBXFileReference; fileEncoding = 4; lastKnownFileType = sourcecode.c.h; path = AFImageRequestOperation.h; sourceTree = "<group>"; };
		D04252501770B9B8000C348B /* AFImageRequestOperation.m */ = {isa = PBXFileReference; fileEncoding = 4; lastKnownFileType = sourcecode.c.objc; path = AFImageRequestOperation.m; sourceTree = "<group>"; };
		D04252511770B9B8000C348B /* AFJSONRequestOperation.h */ = {isa = PBXFileReference; fileEncoding = 4; lastKnownFileType = sourcecode.c.h; path = AFJSONRequestOperation.h; sourceTree = "<group>"; };
		D04252521770B9B8000C348B /* AFJSONRequestOperation.m */ = {isa = PBXFileReference; fileEncoding = 4; lastKnownFileType = sourcecode.c.objc; path = AFJSONRequestOperation.m; sourceTree = "<group>"; };
		D04252531770B9B8000C348B /* AFJSONUtilities.h */ = {isa = PBXFileReference; fileEncoding = 4; lastKnownFileType = sourcecode.c.h; path = AFJSONUtilities.h; sourceTree = "<group>"; };
		D04252541770B9B8000C348B /* AFJSONUtilities.m */ = {isa = PBXFileReference; fileEncoding = 4; lastKnownFileType = sourcecode.c.objc; path = AFJSONUtilities.m; sourceTree = "<group>"; };
		D04252551770B9B8000C348B /* AFNetworkActivityIndicatorManager.h */ = {isa = PBXFileReference; fileEncoding = 4; lastKnownFileType = sourcecode.c.h; path = AFNetworkActivityIndicatorManager.h; sourceTree = "<group>"; };
		D04252561770B9B8000C348B /* AFNetworkActivityIndicatorManager.m */ = {isa = PBXFileReference; fileEncoding = 4; lastKnownFileType = sourcecode.c.objc; path = AFNetworkActivityIndicatorManager.m; sourceTree = "<group>"; };
		D04252571770B9B8000C348B /* AFNetworking.h */ = {isa = PBXFileReference; fileEncoding = 4; lastKnownFileType = sourcecode.c.h; path = AFNetworking.h; sourceTree = "<group>"; };
		D04252581770B9B8000C348B /* AFPropertyListRequestOperation.h */ = {isa = PBXFileReference; fileEncoding = 4; lastKnownFileType = sourcecode.c.h; path = AFPropertyListRequestOperation.h; sourceTree = "<group>"; };
		D04252591770B9B8000C348B /* AFPropertyListRequestOperation.m */ = {isa = PBXFileReference; fileEncoding = 4; lastKnownFileType = sourcecode.c.objc; path = AFPropertyListRequestOperation.m; sourceTree = "<group>"; };
		D042525A1770B9B8000C348B /* AFURLConnectionOperation.h */ = {isa = PBXFileReference; fileEncoding = 4; lastKnownFileType = sourcecode.c.h; path = AFURLConnectionOperation.h; sourceTree = "<group>"; };
		D042525B1770B9B8000C348B /* AFURLConnectionOperation.m */ = {isa = PBXFileReference; fileEncoding = 4; lastKnownFileType = sourcecode.c.objc; path = AFURLConnectionOperation.m; sourceTree = "<group>"; };
		D042525C1770B9B8000C348B /* AFXMLRequestOperation.h */ = {isa = PBXFileReference; fileEncoding = 4; lastKnownFileType = sourcecode.c.h; path = AFXMLRequestOperation.h; sourceTree = "<group>"; };
		D042525D1770B9B8000C348B /* AFXMLRequestOperation.m */ = {isa = PBXFileReference; fileEncoding = 4; lastKnownFileType = sourcecode.c.objc; path = AFXMLRequestOperation.m; sourceTree = "<group>"; };
		D042525E1770B9B8000C348B /* JSONKit.h */ = {isa = PBXFileReference; fileEncoding = 4; lastKnownFileType = sourcecode.c.h; path = JSONKit.h; sourceTree = "<group>"; };
		D042525F1770B9B8000C348B /* JSONKit.m */ = {isa = PBXFileReference; fileEncoding = 4; lastKnownFileType = sourcecode.c.objc; path = JSONKit.m; sourceTree = "<group>"; };
		D04252601770B9B8000C348B /* UIImageView+AFNetworking.h */ = {isa = PBXFileReference; fileEncoding = 4; lastKnownFileType = sourcecode.c.h; path = "UIImageView+AFNetworking.h"; sourceTree = "<group>"; };
		D04252611770B9B8000C348B /* UIImageView+AFNetworking.m */ = {isa = PBXFileReference; fileEncoding = 4; lastKnownFileType = sourcecode.c.objc; path = "UIImageView+AFNetworking.m"; sourceTree = "<group>"; };
		D042526D1770BA9E000C348B /* QuartzCore.framework */ = {isa = PBXFileReference; lastKnownFileType = wrapper.framework; name = QuartzCore.framework; path = System/Library/Frameworks/QuartzCore.framework; sourceTree = SDKROOT; };
		D04252701770BC81000C348B /* netraViewControllerRight.h */ = {isa = PBXFileReference; fileEncoding = 4; lastKnownFileType = sourcecode.c.h; path = netraViewControllerRight.h; sourceTree = "<group>"; };
		D04252711770BC81000C348B /* netraViewControllerRight.m */ = {isa = PBXFileReference; fileEncoding = 4; lastKnownFileType = sourcecode.c.objc; path = netraViewControllerRight.m; sourceTree = "<group>"; };
		D04252731770BDDF000C348B /* netraLeftViewController.h */ = {isa = PBXFileReference; fileEncoding = 4; lastKnownFileType = sourcecode.c.h; path = netraLeftViewController.h; sourceTree = "<group>"; };
		D04252741770BDDF000C348B /* netraLeftViewController.m */ = {isa = PBXFileReference; fileEncoding = 4; lastKnownFileType = sourcecode.c.objc; path = netraLeftViewController.m; sourceTree = "<group>"; };
		D09CD10617715718000CD39D /* netraGlobal.h */ = {isa = PBXFileReference; fileEncoding = 4; lastKnownFileType = sourcecode.c.h; name = netraGlobal.h; path = netraObject/netraGlobal.h; sourceTree = "<group>"; };
		D09CD10717715718000CD39D /* netraGlobal.m */ = {isa = PBXFileReference; fileEncoding = 4; lastKnownFileType = sourcecode.c.objc; name = netraGlobal.m; path = netraObject/netraGlobal.m; sourceTree = "<group>"; };
		D09CD10D17719187000CD39D /* netraNewsObject.h */ = {isa = PBXFileReference; fileEncoding = 4; lastKnownFileType = sourcecode.c.h; path = netraNewsObject.h; sourceTree = "<group>"; };
		D09CD10E17719187000CD39D /* netraNewsObject.m */ = {isa = PBXFileReference; fileEncoding = 4; lastKnownFileType = sourcecode.c.objc; path = netraNewsObject.m; sourceTree = "<group>"; };
		D09CD111177191A9000CD39D /* netraTrading.h */ = {isa = PBXFileReference; fileEncoding = 4; lastKnownFileType = sourcecode.c.h; path = netraTrading.h; sourceTree = "<group>"; };
		D09CD112177191A9000CD39D /* netraTrading.m */ = {isa = PBXFileReference; fileEncoding = 4; lastKnownFileType = sourcecode.c.objc; path = netraTrading.m; sourceTree = "<group>"; };
/* End PBXFileReference section */

/* Begin PBXFrameworksBuildPhase section */
		D04252171770B7DD000C348B /* Frameworks */ = {
			isa = PBXFrameworksBuildPhase;
			buildActionMask = 2147483647;
			files = (
				D042521E1770B7DD000C348B /* UIKit.framework in Frameworks */,
				D042526F1770BAA9000C348B /* QuartzCore.framework in Frameworks */,
				D04252201770B7DD000C348B /* Foundation.framework in Frameworks */,
				D04252221770B7DD000C348B /* CoreGraphics.framework in Frameworks */,
			);
			runOnlyForDeploymentPostprocessing = 0;
		};
/* End PBXFrameworksBuildPhase section */

/* Begin PBXGroup section */
		D04252111770B7DD000C348B = {
			isa = PBXGroup;
			children = (
				D04252231770B7DD000C348B /* PAN-AM */,
				D042521C1770B7DD000C348B /* Frameworks */,
				D042521B1770B7DD000C348B /* Products */,
			);
			sourceTree = "<group>";
		};
		D042521B1770B7DD000C348B /* Products */ = {
			isa = PBXGroup;
			children = (
				D042521A1770B7DD000C348B /* PAN-AM.app */,
			);
			name = Products;
			sourceTree = "<group>";
		};
		D042521C1770B7DD000C348B /* Frameworks */ = {
			isa = PBXGroup;
			children = (
				D042526D1770BA9E000C348B /* QuartzCore.framework */,
				D042521D1770B7DD000C348B /* UIKit.framework */,
				D042521F1770B7DD000C348B /* Foundation.framework */,
				D04252211770B7DD000C348B /* CoreGraphics.framework */,
			);
			name = Frameworks;
			sourceTree = "<group>";
		};
		D04252231770B7DD000C348B /* PAN-AM */ = {
			isa = PBXGroup;
			children = (
				D04252411770B847000C348B /* library */,
				D04252421770B847000C348B /* model */,
				D042523A1770B800000C348B /* center */,
				D042523B1770B801000C348B /* left */,
				D042523C1770B801000C348B /* right */,
				D042522C1770B7DD000C348B /* netraAppDelegate.h */,
				D042522D1770B7DD000C348B /* netraAppDelegate.m */,
				D04252241770B7DD000C348B /* Supporting Files */,
			);
			path = "PAN-AM";
			sourceTree = "<group>";
		};
		D04252241770B7DD000C348B /* Supporting Files */ = {
			isa = PBXGroup;
			children = (
				D04252251770B7DD000C348B /* PAN-AM-Info.plist */,
				D04252261770B7DD000C348B /* InfoPlist.strings */,
				D04252291770B7DD000C348B /* main.m */,
				D042522B1770B7DD000C348B /* PAN-AM-Prefix.pch */,
				D042522F1770B7DD000C348B /* Default.png */,
				D04252311770B7DD000C348B /* Default@2x.png */,
				D04252331770B7DD000C348B /* Default-568h@2x.png */,
			);
			name = "Supporting Files";
			sourceTree = "<group>";
		};
		D042523A1770B800000C348B /* center */ = {
			isa = PBXGroup;
			children = (
				D042523D1770B822000C348B /* news */,
			);
			name = center;
			path = view/center;
			sourceTree = "<group>";
		};
		D042523B1770B801000C348B /* left */ = {
			isa = PBXGroup;
			children = (
				D04252731770BDDF000C348B /* netraLeftViewController.h */,
				D04252741770BDDF000C348B /* netraLeftViewController.m */,
			);
			name = left;
			path = view/left;
			sourceTree = "<group>";
		};
		D042523C1770B801000C348B /* right */ = {
			isa = PBXGroup;
			children = (
				D04252701770BC81000C348B /* netraViewControllerRight.h */,
				D04252711770BC81000C348B /* netraViewControllerRight.m */,
			);
			name = right;
			path = view/right;
			sourceTree = "<group>";
		};
		D042523D1770B822000C348B /* news */ = {
			isa = PBXGroup;
			children = (
				D042523E1770B834000C348B /* netraViewController.h */,
				D042523F1770B834000C348B /* netraViewController.m */,
			);
			path = news;
			sourceTree = "<group>";
		};
		D04252411770B847000C348B /* library */ = {
			isa = PBXGroup;
			children = (
				D042524A1770B9B8000C348B /* netraAfn */,
				D04252431770B9A3000C348B /* SidePanel */,
			);
			path = library;
			sourceTree = "<group>";
		};
		D04252421770B847000C348B /* model */ = {
			isa = PBXGroup;
			children = (
				D09CD1101771919C000CD39D /* tradingObj */,
				D09CD10C17719187000CD39D /* newsObj */,
				D09CD10617715718000CD39D /* netraGlobal.h */,
				D09CD10717715718000CD39D /* netraGlobal.m */,
			);
			path = model;
			sourceTree = "<group>";
		};
		D04252431770B9A3000C348B /* SidePanel */ = {
			isa = PBXGroup;
			children = (
				D04252441770B9A3000C348B /* JASidePanelController.h */,
				D04252451770B9A3000C348B /* JASidePanelController.m */,
				D04252461770B9A3000C348B /* UIViewController+JASidePanel.h */,
				D04252471770B9A3000C348B /* UIViewController+JASidePanel.m */,
			);
			path = SidePanel;
			sourceTree = "<group>";
		};
		D042524A1770B9B8000C348B /* netraAfn */ = {
			isa = PBXGroup;
			children = (
				D042524B1770B9B8000C348B /* AFHTTPClient.h */,
				D042524C1770B9B8000C348B /* AFHTTPClient.m */,
				D042524D1770B9B8000C348B /* AFHTTPRequestOperation.h */,
				D042524E1770B9B8000C348B /* AFHTTPRequestOperation.m */,
				D042524F1770B9B8000C348B /* AFImageRequestOperation.h */,
				D04252501770B9B8000C348B /* AFImageRequestOperation.m */,
				D04252511770B9B8000C348B /* AFJSONRequestOperation.h */,
				D04252521770B9B8000C348B /* AFJSONRequestOperation.m */,
				D04252531770B9B8000C348B /* AFJSONUtilities.h */,
				D04252541770B9B8000C348B /* AFJSONUtilities.m */,
				D04252551770B9B8000C348B /* AFNetworkActivityIndicatorManager.h */,
				D04252561770B9B8000C348B /* AFNetworkActivityIndicatorManager.m */,
				D04252571770B9B8000C348B /* AFNetworking.h */,
				D04252581770B9B8000C348B /* AFPropertyListRequestOperation.h */,
				D04252591770B9B8000C348B /* AFPropertyListRequestOperation.m */,
				D042525A1770B9B8000C348B /* AFURLConnectionOperation.h */,
				D042525B1770B9B8000C348B /* AFURLConnectionOperation.m */,
				D042525C1770B9B8000C348B /* AFXMLRequestOperation.h */,
				D042525D1770B9B8000C348B /* AFXMLRequestOperation.m */,
				D042525E1770B9B8000C348B /* JSONKit.h */,
				D042525F1770B9B8000C348B /* JSONKit.m */,
				D04252601770B9B8000C348B /* UIImageView+AFNetworking.h */,
				D04252611770B9B8000C348B /* UIImageView+AFNetworking.m */,
			);
			path = netraAfn;
			sourceTree = "<group>";
		};
		D09CD10C17719187000CD39D /* newsObj */ = {
			isa = PBXGroup;
			children = (
				D09CD10D17719187000CD39D /* netraNewsObject.h */,
				D09CD10E17719187000CD39D /* netraNewsObject.m */,
			);
			name = newsObj;
			path = netraObject/newsObj;
			sourceTree = "<group>";
		};
		D09CD1101771919C000CD39D /* tradingObj */ = {
			isa = PBXGroup;
			children = (
				D09CD111177191A9000CD39D /* netraTrading.h */,
				D09CD112177191A9000CD39D /* netraTrading.m */,
			);
			name = tradingObj;
			path = ../view/center/tradingObj;
			sourceTree = "<group>";
		};
/* End PBXGroup section */

/* Begin PBXNativeTarget section */
		D04252191770B7DD000C348B /* PAN-AM */ = {
			isa = PBXNativeTarget;
			buildConfigurationList = D04252371770B7DD000C348B /* Build configuration list for PBXNativeTarget "PAN-AM" */;
			buildPhases = (
				D04252161770B7DD000C348B /* Sources */,
				D04252171770B7DD000C348B /* Frameworks */,
				D04252181770B7DD000C348B /* Resources */,
			);
			buildRules = (
			);
			dependencies = (
			);
			name = "PAN-AM";
			productName = "PAN-AM";
			productReference = D042521A1770B7DD000C348B /* PAN-AM.app */;
			productType = "com.apple.product-type.application";
		};
/* End PBXNativeTarget section */

/* Begin PBXProject section */
		D04252121770B7DD000C348B /* Project object */ = {
			isa = PBXProject;
			attributes = {
				CLASSPREFIX = netra;
				LastUpgradeCheck = 0460;
				ORGANIZATIONNAME = vootobox;
			};
			buildConfigurationList = D04252151770B7DD000C348B /* Build configuration list for PBXProject "PAN-AM" */;
			compatibilityVersion = "Xcode 3.2";
			developmentRegion = English;
			hasScannedForEncodings = 0;
			knownRegions = (
				en,
			);
			mainGroup = D04252111770B7DD000C348B;
			productRefGroup = D042521B1770B7DD000C348B /* Products */;
			projectDirPath = "";
			projectRoot = "";
			targets = (
				D04252191770B7DD000C348B /* PAN-AM */,
			);
		};
/* End PBXProject section */

/* Begin PBXResourcesBuildPhase section */
		D04252181770B7DD000C348B /* Resources */ = {
			isa = PBXResourcesBuildPhase;
			buildActionMask = 2147483647;
			files = (
				D04252281770B7DD000C348B /* InfoPlist.strings in Resources */,
				D04252301770B7DD000C348B /* Default.png in Resources */,
				D04252321770B7DD000C348B /* Default@2x.png in Resources */,
				D04252341770B7DD000C348B /* Default-568h@2x.png in Resources */,
			);
			runOnlyForDeploymentPostprocessing = 0;
		};
/* End PBXResourcesBuildPhase section */

/* Begin PBXSourcesBuildPhase section */
		D04252161770B7DD000C348B /* Sources */ = {
			isa = PBXSourcesBuildPhase;
			buildActionMask = 2147483647;
			files = (
				D042522A1770B7DD000C348B /* main.m in Sources */,
				D042522E1770B7DD000C348B /* netraAppDelegate.m in Sources */,
				D04252401770B834000C348B /* netraViewController.m in Sources */,
				D04252481770B9A3000C348B /* JASidePanelController.m in Sources */,
				D04252491770B9A3000C348B /* UIViewController+JASidePanel.m in Sources */,
				D04252621770B9B8000C348B /* AFHTTPClient.m in Sources */,
				D04252631770B9B8000C348B /* AFHTTPRequestOperation.m in Sources */,
				D04252641770B9B8000C348B /* AFImageRequestOperation.m in Sources */,
				D04252651770B9B8000C348B /* AFJSONRequestOperation.m in Sources */,
				D04252661770B9B8000C348B /* AFJSONUtilities.m in Sources */,
				D04252671770B9B8000C348B /* AFNetworkActivityIndicatorManager.m in Sources */,
				D04252681770B9B8000C348B /* AFPropertyListRequestOperation.m in Sources */,
				D04252691770B9B8000C348B /* AFURLConnectionOperation.m in Sources */,
				D042526A1770B9B8000C348B /* AFXMLRequestOperation.m in Sources */,
				D042526B1770B9B8000C348B /* JSONKit.m in Sources */,
				D042526C1770B9B8000C348B /* UIImageView+AFNetworking.m in Sources */,
				D04252721770BC81000C348B /* netraViewControllerRight.m in Sources */,
				D04252751770BDDF000C348B /* netraLeftViewController.m in Sources */,
				D09CD10817715718000CD39D /* netraGlobal.m in Sources */,
				D09CD10F17719187000CD39D /* netraNewsObject.m in Sources */,
				D09CD113177191A9000CD39D /* netraTrading.m in Sources */,
			);
			runOnlyForDeploymentPostprocessing = 0;
		};
/* End PBXSourcesBuildPhase section */

/* Begin PBXVariantGroup section */
		D04252261770B7DD000C348B /* InfoPlist.strings */ = {
			isa = PBXVariantGroup;
			children = (
				D04252271770B7DD000C348B /* en */,
			);
			name = InfoPlist.strings;
			sourceTree = "<group>";
		};
/* End PBXVariantGroup section */

/* Begin XCBuildConfiguration section */
		D04252351770B7DD000C348B /* Debug */ = {
			isa = XCBuildConfiguration;
			buildSettings = {
				ALWAYS_SEARCH_USER_PATHS = NO;
				CLANG_CXX_LANGUAGE_STANDARD = "gnu++0x";
				CLANG_CXX_LIBRARY = "libc++";
				CLANG_WARN_CONSTANT_CONVERSION = YES;
				CLANG_WARN_EMPTY_BODY = YES;
				CLANG_WARN_ENUM_CONVERSION = YES;
				CLANG_WARN_INT_CONVERSION = YES;
				CLANG_WARN__DUPLICATE_METHOD_MATCH = YES;
				"CODE_SIGN_IDENTITY[sdk=iphoneos*]" = "iPhone Developer";
				COPY_PHASE_STRIP = NO;
				GCC_C_LANGUAGE_STANDARD = gnu99;
				GCC_DYNAMIC_NO_PIC = NO;
				GCC_OPTIMIZATION_LEVEL = 0;
				GCC_PREPROCESSOR_DEFINITIONS = (
					"DEBUG=1",
					"$(inherited)",
				);
				GCC_SYMBOLS_PRIVATE_EXTERN = NO;
				GCC_WARN_ABOUT_RETURN_TYPE = YES;
				GCC_WARN_UNINITIALIZED_AUTOS = YES;
				GCC_WARN_UNUSED_VARIABLE = YES;
				IPHONEOS_DEPLOYMENT_TARGET = 5.1;
				ONLY_ACTIVE_ARCH = YES;
				SDKROOT = iphoneos;
			};
			name = Debug;
		};
		D04252361770B7DD000C348B /* Release */ = {
			isa = XCBuildConfiguration;
			buildSettings = {
				ALWAYS_SEARCH_USER_PATHS = NO;
				CLANG_CXX_LANGUAGE_STANDARD = "gnu++0x";
				CLANG_CXX_LIBRARY = "libc++";
				CLANG_WARN_CONSTANT_CONVERSION = YES;
				CLANG_WARN_EMPTY_BODY = YES;
				CLANG_WARN_ENUM_CONVERSION = YES;
				CLANG_WARN_INT_CONVERSION = YES;
				CLANG_WARN__DUPLICATE_METHOD_MATCH = YES;
				"CODE_SIGN_IDENTITY[sdk=iphoneos*]" = "iPhone Developer";
				COPY_PHASE_STRIP = YES;
				GCC_C_LANGUAGE_STANDARD = gnu99;
				GCC_WARN_ABOUT_RETURN_TYPE = YES;
				GCC_WARN_UNINITIALIZED_AUTOS = YES;
				GCC_WARN_UNUSED_VARIABLE = YES;
				IPHONEOS_DEPLOYMENT_TARGET = 5.1;
				OTHER_CFLAGS = "-DNS_BLOCK_ASSERTIONS=1";
				SDKROOT = iphoneos;
				VALIDATE_PRODUCT = YES;
			};
			name = Release;
		};
		D04252381770B7DD000C348B /* Debug */ = {
			isa = XCBuildConfiguration;
			buildSettings = {
				GCC_PRECOMPILE_PREFIX_HEADER = YES;
				GCC_PREFIX_HEADER = "PAN-AM/PAN-AM-Prefix.pch";
				INFOPLIST_FILE = "PAN-AM/PAN-AM-Info.plist";
				PRODUCT_NAME = "$(TARGET_NAME)";
				WRAPPER_EXTENSION = app;
			};
			name = Debug;
		};
		D04252391770B7DD000C348B /* Release */ = {
			isa = XCBuildConfiguration;
			buildSettings = {
				GCC_PRECOMPILE_PREFIX_HEADER = YES;
				GCC_PREFIX_HEADER = "PAN-AM/PAN-AM-Prefix.pch";
				INFOPLIST_FILE = "PAN-AM/PAN-AM-Info.plist";
				PRODUCT_NAME = "$(TARGET_NAME)";
				WRAPPER_EXTENSION = app;
			};
			name = Release;
		};
/* End XCBuildConfiguration section */

/* Begin XCConfigurationList section */
		D04252151770B7DD000C348B /* Build configuration list for PBXProject "PAN-AM" */ = {
			isa = XCConfigurationList;
			buildConfigurations = (
				D04252351770B7DD000C348B /* Debug */,
				D04252361770B7DD000C348B /* Release */,
			);
			defaultConfigurationIsVisible = 0;
			defaultConfigurationName = Release;
		};
		D04252371770B7DD000C348B /* Build configuration list for PBXNativeTarget "PAN-AM" */ = {
			isa = XCConfigurationList;
			buildConfigurations = (
				D04252381770B7DD000C348B /* Debug */,
				D04252391770B7DD000C348B /* Release */,
			);
			defaultConfigurationIsVisible = 0;
			defaultConfigurationName = Release;
		};
/* End XCConfigurationList section */
	};
	rootObject = D04252121770B7DD000C348B /* Project object */;
}
