// !$*UTF8*$!
{
	archiveVersion = 1;
	classes = {
	};
	objectVersion = 46;
	objects = {

/* Begin PBXBuildFile section */
		D042521E1770B7DD000C348B /* UIKit.framework in Frameworks */ = {isa = PBXBuildFile; fileRef = D042521D1770B7DD000C348B /* UIKit.framework */; };
		D04252201770B7DD000C348B /* Foundation.framework in Frameworks */ = {isa = PBXBuildFile; fileRef = D042521F1770B7DD000C348B /* Foundation.framework */; };
		D04252221770B7DD000C348B /* CoreGraphics.framework in Frameworks */ = {isa = PBXBuildFile; fileRef = D04252211770B7DD000C348B /* CoreGraphics.framework */; };
		D04252281770B7DD000C348B /* InfoPlist.strings in Resources */ = {isa = PBXBuildFile; fileRef = D04252261770B7DD000C348B /* InfoPlist.strings */; };
		D042522A1770B7DD000C348B /* main.m in Sources */ = {isa = PBXBuildFile; fileRef = D04252291770B7DD000C348B /* main.m */; };
		D042522E1770B7DD000C348B /* netraAppDelegate.m in Sources */ = {isa = PBXBuildFile; fileRef = D042522D1770B7DD000C348B /* netraAppDelegate.m */; };
		D04252301770B7DD000C348B /* Default.png in Resources */ = {isa = PBXBuildFile; fileRef = D042522F1770B7DD000C348B /* Default.png */; };
		D04252321770B7DD000C348B /* Default@2x.png in Resources */ = {isa = PBXBuildFile; fileRef = D04252311770B7DD000C348B /* Default@2x.png */; };
		D04252341770B7DD000C348B /* Default-568h@2x.png in Resources */ = {isa = PBXBuildFile; fileRef = D04252331770B7DD000C348B /* Default-568h@2x.png */; };
		D04252401770B834000C348B /* netraViewController.m in Sources */ = {isa = PBXBuildFile; fileRef = D042523F1770B834000C348B /* netraViewController.m */; };
		D04252481770B9A3000C348B /* JASidePanelController.m in Sources */ = {isa = PBXBuildFile; fileRef = D04252451770B9A3000C348B /* JASidePanelController.m */; settings = {COMPILER_FLAGS = "-fobjc-arc"; }; };
		D04252491770B9A3000C348B /* UIViewController+JASidePanel.m in Sources */ = {isa = PBXBuildFile; fileRef = D04252471770B9A3000C348B /* UIViewController+JASidePanel.m */; settings = {COMPILER_FLAGS = "-fobjc-arc"; }; };
		D04252621770B9B8000C348B /* AFHTTPClient.m in Sources */ = {isa = PBXBuildFile; fileRef = D042524C1770B9B8000C348B /* AFHTTPClient.m */; settings = {COMPILER_FLAGS = "-fno-objc-arc"; }; };
		D04252631770B9B8000C348B /* AFHTTPRequestOperation.m in Sources */ = {isa = PBXBuildFile; fileRef = D042524E1770B9B8000C348B /* AFHTTPRequestOperation.m */; settings = {COMPILER_FLAGS = "-fno-objc-arc"; }; };
		D04252641770B9B8000C348B /* AFImageRequestOperation.m in Sources */ = {isa = PBXBuildFile; fileRef = D04252501770B9B8000C348B /* AFImageRequestOperation.m */; settings = {COMPILER_FLAGS = "-fno-objc-arc"; }; };
		D04252651770B9B8000C348B /* AFJSONRequestOperation.m in Sources */ = {isa = PBXBuildFile; fileRef = D04252521770B9B8000C348B /* AFJSONRequestOperation.m */; settings = {COMPILER_FLAGS = "-fno-objc-arc"; }; };
		D04252661770B9B8000C348B /* AFJSONUtilities.m in Sources */ = {isa = PBXBuildFile; fileRef = D04252541770B9B8000C348B /* AFJSONUtilities.m */; settings = {COMPILER_FLAGS = "-fno-objc-arc"; }; };
		D04252671770B9B8000C348B /* AFNetworkActivityIndicatorManager.m in Sources */ = {isa = PBXBuildFile; fileRef = D04252561770B9B8000C348B /* AFNetworkActivityIndicatorManager.m */; settings = {COMPILER_FLAGS = "-fno-objc-arc"; }; };
		D04252681770B9B8000C348B /* AFPropertyListRequestOperation.m in Sources */ = {isa = PBXBuildFile; fileRef = D04252591770B9B8000C348B /* AFPropertyListRequestOperation.m */; settings = {COMPILER_FLAGS = "-fno-objc-arc"; }; };
		D04252691770B9B8000C348B /* AFURLConnectionOperation.m in Sources */ = {isa = PBXBuildFile; fileRef = D042525B1770B9B8000C348B /* AFURLConnectionOperation.m */; settings = {COMPILER_FLAGS = "-fno-objc-arc"; }; };
		D042526A1770B9B8000C348B /* AFXMLRequestOperation.m in Sources */ = {isa = PBXBuildFile; fileRef = D042525D1770B9B8000C348B /* AFXMLRequestOperation.m */; settings = {COMPILER_FLAGS = "-fno-objc-arc"; }; };
		D042526B1770B9B8000C348B /* JSONKit.m in Sources */ = {isa = PBXBuildFile; fileRef = D042525F1770B9B8000C348B /* JSONKit.m */; settings = {COMPILER_FLAGS = "-fno-objc-arc"; }; };
		D042526C1770B9B8000C348B /* UIImageView+AFNetworking.m in Sources */ = {isa = PBXBuildFile; fileRef = D04252611770B9B8000C348B /* UIImageView+AFNetworking.m */; settings = {COMPILER_FLAGS = "-fno-objc-arc"; }; };
		D042526F1770BAA9000C348B /* QuartzCore.framework in Frameworks */ = {isa = PBXBuildFile; fileRef = D042526D1770BA9E000C348B /* QuartzCore.framework */; };
		D04252721770BC81000C348B /* netraViewControllerRight.m in Sources */ = {isa = PBXBuildFile; fileRef = D04252711770BC81000C348B /* netraViewControllerRight.m */; };
		D04252751770BDDF000C348B /* netraLeftViewController.m in Sources */ = {isa = PBXBuildFile; fileRef = D04252741770BDDF000C348B /* netraLeftViewController.m */; };
		D075C34017736BDC00C775CB /* login_mitra@2x.png in Resources */ = {isa = PBXBuildFile; fileRef = D075C33E17736BDC00C775CB /* login_mitra@2x.png */; };
		D075C34117736BDC00C775CB /* login_nasabah@2x.png in Resources */ = {isa = PBXBuildFile; fileRef = D075C33F17736BDC00C775CB /* login_nasabah@2x.png */; };
		D075C3441773773D00C775CB /* leftWindow.plist in Resources */ = {isa = PBXBuildFile; fileRef = D075C3431773773D00C775CB /* leftWindow.plist */; };
		D075C3561773FC6C00C775CB /* MJPopupBackgroundView.m in Sources */ = {isa = PBXBuildFile; fileRef = D075C3531773FC6C00C775CB /* MJPopupBackgroundView.m */; };
		D075C3571773FC6C00C775CB /* UIViewController+MJPopupViewController.m in Sources */ = {isa = PBXBuildFile; fileRef = D075C3551773FC6C00C775CB /* UIViewController+MJPopupViewController.m */; };
		D075C35B1773FD5100C775CB /* netraGLobalLoginViewController.m in Sources */ = {isa = PBXBuildFile; fileRef = D075C35A1773FD5100C775CB /* netraGLobalLoginViewController.m */; };
		D08801E217742D9000D8311A /* login@2x.png in Resources */ = {isa = PBXBuildFile; fileRef = D08801E117742D9000D8311A /* login@2x.png */; };
		D08801E417742EE900D8311A /* login_push@2x.png in Resources */ = {isa = PBXBuildFile; fileRef = D08801E317742EE900D8311A /* login_push@2x.png */; };
		D08802211774B55400D8311A /* MagicalImportFunctions.m in Sources */ = {isa = PBXBuildFile; fileRef = D08801E91774B55400D8311A /* MagicalImportFunctions.m */; };
		D08802221774B55400D8311A /* NSAttributeDescription+MagicalDataImport.m in Sources */ = {isa = PBXBuildFile; fileRef = D08801EB1774B55400D8311A /* NSAttributeDescription+MagicalDataImport.m */; };
		D08802231774B55400D8311A /* NSEntityDescription+MagicalDataImport.m in Sources */ = {isa = PBXBuildFile; fileRef = D08801ED1774B55400D8311A /* NSEntityDescription+MagicalDataImport.m */; };
		D08802241774B55400D8311A /* NSNumber+MagicalDataImport.m in Sources */ = {isa = PBXBuildFile; fileRef = D08801EF1774B55400D8311A /* NSNumber+MagicalDataImport.m */; };
		D08802251774B55400D8311A /* NSObject+MagicalDataImport.m in Sources */ = {isa = PBXBuildFile; fileRef = D08801F11774B55400D8311A /* NSObject+MagicalDataImport.m */; };
		D08802261774B55400D8311A /* NSRelationshipDescription+MagicalDataImport.m in Sources */ = {isa = PBXBuildFile; fileRef = D08801F31774B55400D8311A /* NSRelationshipDescription+MagicalDataImport.m */; };
		D08802271774B55400D8311A /* NSString+MagicalDataImport.m in Sources */ = {isa = PBXBuildFile; fileRef = D08801F51774B55400D8311A /* NSString+MagicalDataImport.m */; };
		D08802281774B55400D8311A /* NSManagedObject+MagicalAggregation.m in Sources */ = {isa = PBXBuildFile; fileRef = D08801F81774B55400D8311A /* NSManagedObject+MagicalAggregation.m */; };
		D08802291774B55400D8311A /* NSManagedObject+MagicalDataImport.m in Sources */ = {isa = PBXBuildFile; fileRef = D08801FA1774B55400D8311A /* NSManagedObject+MagicalDataImport.m */; };
		D088022A1774B55400D8311A /* NSManagedObject+MagicalFinders.m in Sources */ = {isa = PBXBuildFile; fileRef = D08801FC1774B55400D8311A /* NSManagedObject+MagicalFinders.m */; };
		D088022B1774B55400D8311A /* NSManagedObject+MagicalRecord.m in Sources */ = {isa = PBXBuildFile; fileRef = D08801FE1774B55400D8311A /* NSManagedObject+MagicalRecord.m */; };
		D088022C1774B55400D8311A /* NSManagedObject+MagicalRequests.m in Sources */ = {isa = PBXBuildFile; fileRef = D08802001774B55400D8311A /* NSManagedObject+MagicalRequests.m */; };
		D088022D1774B55400D8311A /* NSManagedObjectContext+MagicalObserving.m in Sources */ = {isa = PBXBuildFile; fileRef = D08802031774B55400D8311A /* NSManagedObjectContext+MagicalObserving.m */; };
		D088022E1774B55400D8311A /* NSManagedObjectContext+MagicalRecord.m in Sources */ = {isa = PBXBuildFile; fileRef = D08802051774B55400D8311A /* NSManagedObjectContext+MagicalRecord.m */; };
		D088022F1774B55400D8311A /* NSManagedObjectContext+MagicalSaves.m in Sources */ = {isa = PBXBuildFile; fileRef = D08802071774B55400D8311A /* NSManagedObjectContext+MagicalSaves.m */; };
		D08802301774B55400D8311A /* NSManagedObjectContext+MagicalThreading.m in Sources */ = {isa = PBXBuildFile; fileRef = D08802091774B55400D8311A /* NSManagedObjectContext+MagicalThreading.m */; };
		D08802311774B55400D8311A /* NSManagedObjectModel+MagicalRecord.m in Sources */ = {isa = PBXBuildFile; fileRef = D088020B1774B55400D8311A /* NSManagedObjectModel+MagicalRecord.m */; };
		D08802321774B55400D8311A /* NSPersistentStore+MagicalRecord.m in Sources */ = {isa = PBXBuildFile; fileRef = D088020D1774B55400D8311A /* NSPersistentStore+MagicalRecord.m */; };
		D08802331774B55400D8311A /* NSPersistentStoreCoordinator+MagicalRecord.m in Sources */ = {isa = PBXBuildFile; fileRef = D088020F1774B55400D8311A /* NSPersistentStoreCoordinator+MagicalRecord.m */; };
		D08802341774B55400D8311A /* MagicalRecord+Actions.m in Sources */ = {isa = PBXBuildFile; fileRef = D08802121774B55400D8311A /* MagicalRecord+Actions.m */; };
		D08802351774B55400D8311A /* MagicalRecord+ErrorHandling.m in Sources */ = {isa = PBXBuildFile; fileRef = D08802141774B55400D8311A /* MagicalRecord+ErrorHandling.m */; };
		D08802361774B55400D8311A /* MagicalRecord+iCloud.m in Sources */ = {isa = PBXBuildFile; fileRef = D08802161774B55400D8311A /* MagicalRecord+iCloud.m */; };
		D08802371774B55400D8311A /* MagicalRecord+Options.m in Sources */ = {isa = PBXBuildFile; fileRef = D08802181774B55400D8311A /* MagicalRecord+Options.m */; };
		D08802381774B55400D8311A /* MagicalRecord+Setup.m in Sources */ = {isa = PBXBuildFile; fileRef = D088021A1774B55400D8311A /* MagicalRecord+Setup.m */; };
		D08802391774B55400D8311A /* MagicalRecord+ShorthandSupport.m in Sources */ = {isa = PBXBuildFile; fileRef = D088021C1774B55400D8311A /* MagicalRecord+ShorthandSupport.m */; };
		D088023A1774B55400D8311A /* MagicalRecord.m in Sources */ = {isa = PBXBuildFile; fileRef = D088021E1774B55400D8311A /* MagicalRecord.m */; };
		D088023C1774B6A300D8311A /* CoreData.framework in Frameworks */ = {isa = PBXBuildFile; fileRef = D088023B1774B6A300D8311A /* CoreData.framework */; };
		D09CD10F17719187000CD39D /* netraNewsObject.m in Sources */ = {isa = PBXBuildFile; fileRef = D09CD10E17719187000CD39D /* netraNewsObject.m */; };
		D09CD113177191A9000CD39D /* netraTrading.m in Sources */ = {isa = PBXBuildFile; fileRef = D09CD112177191A9000CD39D /* netraTrading.m */; };
		D09CD1161771B3FA000CD39D /* newsCell.m in Sources */ = {isa = PBXBuildFile; fileRef = D09CD1151771B3FA000CD39D /* newsCell.m */; };
		D09CD1191771D72F000CD39D /* navbar@2x.png in Resources */ = {isa = PBXBuildFile; fileRef = D09CD1181771D72F000CD39D /* navbar@2x.png */; };
		D09CD11B1771D97E000CD39D /* left@2x.png in Resources */ = {isa = PBXBuildFile; fileRef = D09CD11A1771D97E000CD39D /* left@2x.png */; };
		D09CD11D1771DB3F000CD39D /* right@2x.png in Resources */ = {isa = PBXBuildFile; fileRef = D09CD11C1771DB3F000CD39D /* right@2x.png */; };
		D09CD1221771EA6B000CD39D /* rightCell.m in Sources */ = {isa = PBXBuildFile; fileRef = D09CD1211771EA6B000CD39D /* rightCell.m */; };
		D09CD12617721AB0000CD39D /* 5@2x.png in Resources */ = {isa = PBXBuildFile; fileRef = D09CD12317721AB0000CD39D /* 5@2x.png */; };
		D09CD12717721AB0000CD39D /* down@2x.png in Resources */ = {isa = PBXBuildFile; fileRef = D09CD12417721AB0000CD39D /* down@2x.png */; };
		D09CD12817721AB0000CD39D /* up@2x.png in Resources */ = {isa = PBXBuildFile; fileRef = D09CD12517721AB0000CD39D /* up@2x.png */; };
		D09CD12C1772265B000CD39D /* 1@2x.png in Resources */ = {isa = PBXBuildFile; fileRef = D09CD1291772265B000CD39D /* 1@2x.png */; };
		D09CD12D1772265B000CD39D /* 2@2x.png in Resources */ = {isa = PBXBuildFile; fileRef = D09CD12A1772265B000CD39D /* 2@2x.png */; };
		D09CD12E1772265B000CD39D /* 4@2x.png in Resources */ = {isa = PBXBuildFile; fileRef = D09CD12B1772265B000CD39D /* 4@2x.png */; };
		D09CD13017722670000CD39D /* 3@2x.png in Resources */ = {isa = PBXBuildFile; fileRef = D09CD12F17722670000CD39D /* 3@2x.png */; };
		D09CD13E17735533000CD39D /* netraBerkalaViewController.m in Sources */ = {isa = PBXBuildFile; fileRef = D09CD13D17735533000CD39D /* netraBerkalaViewController.m */; };
		D09CD14117735542000CD39D /* netraKebutuhanViewController.m in Sources */ = {isa = PBXBuildFile; fileRef = D09CD14017735542000CD39D /* netraKebutuhanViewController.m */; };
		D09CD14417735551000CD39D /* netraHasilInvestasiViewController.m in Sources */ = {isa = PBXBuildFile; fileRef = D09CD14317735551000CD39D /* netraHasilInvestasiViewController.m */; };
		D0A3CAFD177C90E600B884EA /* TJSpinner.m in Sources */ = {isa = PBXBuildFile; fileRef = D0A3CAFC177C90E600B884EA /* TJSpinner.m */; };
		D0A3CB00177C945B00B884EA /* DetailCustomer.m in Sources */ = {isa = PBXBuildFile; fileRef = D0A3CAFF177C945A00B884EA /* DetailCustomer.m */; };
		D0D41C1E177B734D00362F13 /* common.m in Sources */ = {isa = PBXBuildFile; fileRef = D0D41C1D177B734D00362F13 /* common.m */; };
		D0D41C25177B781D00362F13 /* customerPortfolio.m in Sources */ = {isa = PBXBuildFile; fileRef = D0D41C24177B781D00362F13 /* customerPortfolio.m */; };
		D0D41C27177C1BA300362F13 /* searchbar@2x.png in Resources */ = {isa = PBXBuildFile; fileRef = D0D41C26177C1BA300362F13 /* searchbar@2x.png */; };
		D0D41C2B177C23D500362F13 /* netraMX.m in Sources */ = {isa = PBXBuildFile; fileRef = D0D41C2A177C23D500362F13 /* netraMX.m */; };
		D0D41C2F177C25BE00362F13 /* PAN.xcdatamodeld in Sources */ = {isa = PBXBuildFile; fileRef = D0D41C2D177C25BE00362F13 /* PAN.xcdatamodeld */; };
		D0D41C33177C260900362F13 /* Mitra.m in Sources */ = {isa = PBXBuildFile; fileRef = D0D41C32177C260900362F13 /* Mitra.m */; };
		D0D41C37177C269F00362F13 /* customer.m in Sources */ = {isa = PBXBuildFile; fileRef = D0D41C36177C269F00362F13 /* customer.m */; };
		D0D41C3A177C7B7700362F13 /* customerCell.m in Sources */ = {isa = PBXBuildFile; fileRef = D0D41C39177C7B7700362F13 /* customerCell.m */; };
/* End PBXBuildFile section */

/* Begin PBXFileReference section */
		D042521A1770B7DD000C348B /* PAN-AM.app */ = {isa = PBXFileReference; explicitFileType = wrapper.application; includeInIndex = 0; path = "PAN-AM.app"; sourceTree = BUILT_PRODUCTS_DIR; };
		D042521D1770B7DD000C348B /* UIKit.framework */ = {isa = PBXFileReference; lastKnownFileType = wrapper.framework; name = UIKit.framework; path = System/Library/Frameworks/UIKit.framework; sourceTree = SDKROOT; };
		D042521F1770B7DD000C348B /* Foundation.framework */ = {isa = PBXFileReference; lastKnownFileType = wrapper.framework; name = Foundation.framework; path = System/Library/Frameworks/Foundation.framework; sourceTree = SDKROOT; };
		D04252211770B7DD000C348B /* CoreGraphics.framework */ = {isa = PBXFileReference; lastKnownFileType = wrapper.framework; name = CoreGraphics.framework; path = System/Library/Frameworks/CoreGraphics.framework; sourceTree = SDKROOT; };
		D04252251770B7DD000C348B /* PAN-AM-Info.plist */ = {isa = PBXFileReference; lastKnownFileType = text.plist.xml; path = "PAN-AM-Info.plist"; sourceTree = "<group>"; };
		D04252271770B7DD000C348B /* en */ = {isa = PBXFileReference; lastKnownFileType = text.plist.strings; name = en; path = en.lproj/InfoPlist.strings; sourceTree = "<group>"; };
		D04252291770B7DD000C348B /* main.m */ = {isa = PBXFileReference; lastKnownFileType = sourcecode.c.objc; path = main.m; sourceTree = "<group>"; };
		D042522B1770B7DD000C348B /* PAN-AM-Prefix.pch */ = {isa = PBXFileReference; lastKnownFileType = sourcecode.c.h; path = "PAN-AM-Prefix.pch"; sourceTree = "<group>"; };
		D042522C1770B7DD000C348B /* netraAppDelegate.h */ = {isa = PBXFileReference; lastKnownFileType = sourcecode.c.h; path = netraAppDelegate.h; sourceTree = "<group>"; };
		D042522D1770B7DD000C348B /* netraAppDelegate.m */ = {isa = PBXFileReference; lastKnownFileType = sourcecode.c.objc; path = netraAppDelegate.m; sourceTree = "<group>"; };
		D042522F1770B7DD000C348B /* Default.png */ = {isa = PBXFileReference; lastKnownFileType = image.png; path = Default.png; sourceTree = "<group>"; };
		D04252311770B7DD000C348B /* Default@2x.png */ = {isa = PBXFileReference; lastKnownFileType = image.png; path = "Default@2x.png"; sourceTree = "<group>"; };
		D04252331770B7DD000C348B /* Default-568h@2x.png */ = {isa = PBXFileReference; lastKnownFileType = image.png; path = "Default-568h@2x.png"; sourceTree = "<group>"; };
		D042523E1770B834000C348B /* netraViewController.h */ = {isa = PBXFileReference; fileEncoding = 4; lastKnownFileType = sourcecode.c.h; path = netraViewController.h; sourceTree = "<group>"; };
		D042523F1770B834000C348B /* netraViewController.m */ = {isa = PBXFileReference; fileEncoding = 4; lastKnownFileType = sourcecode.c.objc; path = netraViewController.m; sourceTree = "<group>"; };
		D04252441770B9A3000C348B /* JASidePanelController.h */ = {isa = PBXFileReference; fileEncoding = 4; lastKnownFileType = sourcecode.c.h; path = JASidePanelController.h; sourceTree = "<group>"; };
		D04252451770B9A3000C348B /* JASidePanelController.m */ = {isa = PBXFileReference; fileEncoding = 4; lastKnownFileType = sourcecode.c.objc; path = JASidePanelController.m; sourceTree = "<group>"; };
		D04252461770B9A3000C348B /* UIViewController+JASidePanel.h */ = {isa = PBXFileReference; fileEncoding = 4; lastKnownFileType = sourcecode.c.h; path = "UIViewController+JASidePanel.h"; sourceTree = "<group>"; };
		D04252471770B9A3000C348B /* UIViewController+JASidePanel.m */ = {isa = PBXFileReference; fileEncoding = 4; lastKnownFileType = sourcecode.c.objc; path = "UIViewController+JASidePanel.m"; sourceTree = "<group>"; };
		D042524B1770B9B8000C348B /* AFHTTPClient.h */ = {isa = PBXFileReference; fileEncoding = 4; lastKnownFileType = sourcecode.c.h; path = AFHTTPClient.h; sourceTree = "<group>"; };
		D042524C1770B9B8000C348B /* AFHTTPClient.m */ = {isa = PBXFileReference; fileEncoding = 4; lastKnownFileType = sourcecode.c.objc; path = AFHTTPClient.m; sourceTree = "<group>"; };
		D042524D1770B9B8000C348B /* AFHTTPRequestOperation.h */ = {isa = PBXFileReference; fileEncoding = 4; lastKnownFileType = sourcecode.c.h; path = AFHTTPRequestOperation.h; sourceTree = "<group>"; };
		D042524E1770B9B8000C348B /* AFHTTPRequestOperation.m */ = {isa = PBXFileReference; fileEncoding = 4; lastKnownFileType = sourcecode.c.objc; path = AFHTTPRequestOperation.m; sourceTree = "<group>"; };
		D042524F1770B9B8000C348B /* AFImageRequestOperation.h */ = {isa = PBXFileReference; fileEncoding = 4; lastKnownFileType = sourcecode.c.h; path = AFImageRequestOperation.h; sourceTree = "<group>"; };
		D04252501770B9B8000C348B /* AFImageRequestOperation.m */ = {isa = PBXFileReference; fileEncoding = 4; lastKnownFileType = sourcecode.c.objc; path = AFImageRequestOperation.m; sourceTree = "<group>"; };
		D04252511770B9B8000C348B /* AFJSONRequestOperation.h */ = {isa = PBXFileReference; fileEncoding = 4; lastKnownFileType = sourcecode.c.h; path = AFJSONRequestOperation.h; sourceTree = "<group>"; };
		D04252521770B9B8000C348B /* AFJSONRequestOperation.m */ = {isa = PBXFileReference; fileEncoding = 4; lastKnownFileType = sourcecode.c.objc; path = AFJSONRequestOperation.m; sourceTree = "<group>"; };
		D04252531770B9B8000C348B /* AFJSONUtilities.h */ = {isa = PBXFileReference; fileEncoding = 4; lastKnownFileType = sourcecode.c.h; path = AFJSONUtilities.h; sourceTree = "<group>"; };
		D04252541770B9B8000C348B /* AFJSONUtilities.m */ = {isa = PBXFileReference; fileEncoding = 4; lastKnownFileType = sourcecode.c.objc; path = AFJSONUtilities.m; sourceTree = "<group>"; };
		D04252551770B9B8000C348B /* AFNetworkActivityIndicatorManager.h */ = {isa = PBXFileReference; fileEncoding = 4; lastKnownFileType = sourcecode.c.h; path = AFNetworkActivityIndicatorManager.h; sourceTree = "<group>"; };
		D04252561770B9B8000C348B /* AFNetworkActivityIndicatorManager.m */ = {isa = PBXFileReference; fileEncoding = 4; lastKnownFileType = sourcecode.c.objc; path = AFNetworkActivityIndicatorManager.m; sourceTree = "<group>"; };
		D04252571770B9B8000C348B /* AFNetworking.h */ = {isa = PBXFileReference; fileEncoding = 4; lastKnownFileType = sourcecode.c.h; path = AFNetworking.h; sourceTree = "<group>"; };
		D04252581770B9B8000C348B /* AFPropertyListRequestOperation.h */ = {isa = PBXFileReference; fileEncoding = 4; lastKnownFileType = sourcecode.c.h; path = AFPropertyListRequestOperation.h; sourceTree = "<group>"; };
		D04252591770B9B8000C348B /* AFPropertyListRequestOperation.m */ = {isa = PBXFileReference; fileEncoding = 4; lastKnownFileType = sourcecode.c.objc; path = AFPropertyListRequestOperation.m; sourceTree = "<group>"; };
		D042525A1770B9B8000C348B /* AFURLConnectionOperation.h */ = {isa = PBXFileReference; fileEncoding = 4; lastKnownFileType = sourcecode.c.h; path = AFURLConnectionOperation.h; sourceTree = "<group>"; };
		D042525B1770B9B8000C348B /* AFURLConnectionOperation.m */ = {isa = PBXFileReference; fileEncoding = 4; lastKnownFileType = sourcecode.c.objc; path = AFURLConnectionOperation.m; sourceTree = "<group>"; };
		D042525C1770B9B8000C348B /* AFXMLRequestOperation.h */ = {isa = PBXFileReference; fileEncoding = 4; lastKnownFileType = sourcecode.c.h; path = AFXMLRequestOperation.h; sourceTree = "<group>"; };
		D042525D1770B9B8000C348B /* AFXMLRequestOperation.m */ = {isa = PBXFileReference; fileEncoding = 4; lastKnownFileType = sourcecode.c.objc; path = AFXMLRequestOperation.m; sourceTree = "<group>"; };
		D042525E1770B9B8000C348B /* JSONKit.h */ = {isa = PBXFileReference; fileEncoding = 4; lastKnownFileType = sourcecode.c.h; path = JSONKit.h; sourceTree = "<group>"; };
		D042525F1770B9B8000C348B /* JSONKit.m */ = {isa = PBXFileReference; fileEncoding = 4; lastKnownFileType = sourcecode.c.objc; path = JSONKit.m; sourceTree = "<group>"; };
		D04252601770B9B8000C348B /* UIImageView+AFNetworking.h */ = {isa = PBXFileReference; fileEncoding = 4; lastKnownFileType = sourcecode.c.h; path = "UIImageView+AFNetworking.h"; sourceTree = "<group>"; };
		D04252611770B9B8000C348B /* UIImageView+AFNetworking.m */ = {isa = PBXFileReference; fileEncoding = 4; lastKnownFileType = sourcecode.c.objc; path = "UIImageView+AFNetworking.m"; sourceTree = "<group>"; };
		D042526D1770BA9E000C348B /* QuartzCore.framework */ = {isa = PBXFileReference; lastKnownFileType = wrapper.framework; name = QuartzCore.framework; path = System/Library/Frameworks/QuartzCore.framework; sourceTree = SDKROOT; };
		D04252701770BC81000C348B /* netraViewControllerRight.h */ = {isa = PBXFileReference; fileEncoding = 4; lastKnownFileType = sourcecode.c.h; path = netraViewControllerRight.h; sourceTree = "<group>"; };
		D04252711770BC81000C348B /* netraViewControllerRight.m */ = {isa = PBXFileReference; fileEncoding = 4; lastKnownFileType = sourcecode.c.objc; path = netraViewControllerRight.m; sourceTree = "<group>"; };
		D04252731770BDDF000C348B /* netraLeftViewController.h */ = {isa = PBXFileReference; fileEncoding = 4; lastKnownFileType = sourcecode.c.h; path = netraLeftViewController.h; sourceTree = "<group>"; };
		D04252741770BDDF000C348B /* netraLeftViewController.m */ = {isa = PBXFileReference; fileEncoding = 4; lastKnownFileType = sourcecode.c.objc; path = netraLeftViewController.m; sourceTree = "<group>"; };
		D075C33E17736BDC00C775CB /* login_mitra@2x.png */ = {isa = PBXFileReference; lastKnownFileType = image.png; path = "login_mitra@2x.png"; sourceTree = "<group>"; };
		D075C33F17736BDC00C775CB /* login_nasabah@2x.png */ = {isa = PBXFileReference; lastKnownFileType = image.png; path = "login_nasabah@2x.png"; sourceTree = "<group>"; };
		D075C3431773773D00C775CB /* leftWindow.plist */ = {isa = PBXFileReference; fileEncoding = 4; lastKnownFileType = text.plist.xml; path = leftWindow.plist; sourceTree = "<group>"; };
		D075C3521773FC6C00C775CB /* MJPopupBackgroundView.h */ = {isa = PBXFileReference; fileEncoding = 4; lastKnownFileType = sourcecode.c.h; path = MJPopupBackgroundView.h; sourceTree = "<group>"; };
		D075C3531773FC6C00C775CB /* MJPopupBackgroundView.m */ = {isa = PBXFileReference; fileEncoding = 4; lastKnownFileType = sourcecode.c.objc; path = MJPopupBackgroundView.m; sourceTree = "<group>"; };
		D075C3541773FC6C00C775CB /* UIViewController+MJPopupViewController.h */ = {isa = PBXFileReference; fileEncoding = 4; lastKnownFileType = sourcecode.c.h; path = "UIViewController+MJPopupViewController.h"; sourceTree = "<group>"; };
		D075C3551773FC6C00C775CB /* UIViewController+MJPopupViewController.m */ = {isa = PBXFileReference; fileEncoding = 4; lastKnownFileType = sourcecode.c.objc; path = "UIViewController+MJPopupViewController.m"; sourceTree = "<group>"; };
		D075C3591773FD5100C775CB /* netraGLobalLoginViewController.h */ = {isa = PBXFileReference; fileEncoding = 4; lastKnownFileType = sourcecode.c.h; path = netraGLobalLoginViewController.h; sourceTree = "<group>"; };
		D075C35A1773FD5100C775CB /* netraGLobalLoginViewController.m */ = {isa = PBXFileReference; fileEncoding = 4; lastKnownFileType = sourcecode.c.objc; path = netraGLobalLoginViewController.m; sourceTree = "<group>"; };
		D08801E117742D9000D8311A /* login@2x.png */ = {isa = PBXFileReference; lastKnownFileType = image.png; path = "login@2x.png"; sourceTree = "<group>"; };
		D08801E317742EE900D8311A /* login_push@2x.png */ = {isa = PBXFileReference; lastKnownFileType = image.png; path = "login_push@2x.png"; sourceTree = "<group>"; };
		D08801E81774B55400D8311A /* MagicalImportFunctions.h */ = {isa = PBXFileReference; fileEncoding = 4; lastKnownFileType = sourcecode.c.h; path = MagicalImportFunctions.h; sourceTree = "<group>"; };
		D08801E91774B55400D8311A /* MagicalImportFunctions.m */ = {isa = PBXFileReference; fileEncoding = 4; lastKnownFileType = sourcecode.c.objc; path = MagicalImportFunctions.m; sourceTree = "<group>"; };
		D08801EA1774B55400D8311A /* NSAttributeDescription+MagicalDataImport.h */ = {isa = PBXFileReference; fileEncoding = 4; lastKnownFileType = sourcecode.c.h; path = "NSAttributeDescription+MagicalDataImport.h"; sourceTree = "<group>"; };
		D08801EB1774B55400D8311A /* NSAttributeDescription+MagicalDataImport.m */ = {isa = PBXFileReference; fileEncoding = 4; lastKnownFileType = sourcecode.c.objc; path = "NSAttributeDescription+MagicalDataImport.m"; sourceTree = "<group>"; };
		D08801EC1774B55400D8311A /* NSEntityDescription+MagicalDataImport.h */ = {isa = PBXFileReference; fileEncoding = 4; lastKnownFileType = sourcecode.c.h; path = "NSEntityDescription+MagicalDataImport.h"; sourceTree = "<group>"; };
		D08801ED1774B55400D8311A /* NSEntityDescription+MagicalDataImport.m */ = {isa = PBXFileReference; fileEncoding = 4; lastKnownFileType = sourcecode.c.objc; path = "NSEntityDescription+MagicalDataImport.m"; sourceTree = "<group>"; };
		D08801EE1774B55400D8311A /* NSNumber+MagicalDataImport.h */ = {isa = PBXFileReference; fileEncoding = 4; lastKnownFileType = sourcecode.c.h; path = "NSNumber+MagicalDataImport.h"; sourceTree = "<group>"; };
		D08801EF1774B55400D8311A /* NSNumber+MagicalDataImport.m */ = {isa = PBXFileReference; fileEncoding = 4; lastKnownFileType = sourcecode.c.objc; path = "NSNumber+MagicalDataImport.m"; sourceTree = "<group>"; };
		D08801F01774B55400D8311A /* NSObject+MagicalDataImport.h */ = {isa = PBXFileReference; fileEncoding = 4; lastKnownFileType = sourcecode.c.h; path = "NSObject+MagicalDataImport.h"; sourceTree = "<group>"; };
		D08801F11774B55400D8311A /* NSObject+MagicalDataImport.m */ = {isa = PBXFileReference; fileEncoding = 4; lastKnownFileType = sourcecode.c.objc; path = "NSObject+MagicalDataImport.m"; sourceTree = "<group>"; };
		D08801F21774B55400D8311A /* NSRelationshipDescription+MagicalDataImport.h */ = {isa = PBXFileReference; fileEncoding = 4; lastKnownFileType = sourcecode.c.h; path = "NSRelationshipDescription+MagicalDataImport.h"; sourceTree = "<group>"; };
		D08801F31774B55400D8311A /* NSRelationshipDescription+MagicalDataImport.m */ = {isa = PBXFileReference; fileEncoding = 4; lastKnownFileType = sourcecode.c.objc; path = "NSRelationshipDescription+MagicalDataImport.m"; sourceTree = "<group>"; };
		D08801F41774B55400D8311A /* NSString+MagicalDataImport.h */ = {isa = PBXFileReference; fileEncoding = 4; lastKnownFileType = sourcecode.c.h; path = "NSString+MagicalDataImport.h"; sourceTree = "<group>"; };
		D08801F51774B55400D8311A /* NSString+MagicalDataImport.m */ = {isa = PBXFileReference; fileEncoding = 4; lastKnownFileType = sourcecode.c.objc; path = "NSString+MagicalDataImport.m"; sourceTree = "<group>"; };
		D08801F71774B55400D8311A /* NSManagedObject+MagicalAggregation.h */ = {isa = PBXFileReference; fileEncoding = 4; lastKnownFileType = sourcecode.c.h; path = "NSManagedObject+MagicalAggregation.h"; sourceTree = "<group>"; };
		D08801F81774B55400D8311A /* NSManagedObject+MagicalAggregation.m */ = {isa = PBXFileReference; fileEncoding = 4; lastKnownFileType = sourcecode.c.objc; path = "NSManagedObject+MagicalAggregation.m"; sourceTree = "<group>"; };
		D08801F91774B55400D8311A /* NSManagedObject+MagicalDataImport.h */ = {isa = PBXFileReference; fileEncoding = 4; lastKnownFileType = sourcecode.c.h; path = "NSManagedObject+MagicalDataImport.h"; sourceTree = "<group>"; };
		D08801FA1774B55400D8311A /* NSManagedObject+MagicalDataImport.m */ = {isa = PBXFileReference; fileEncoding = 4; lastKnownFileType = sourcecode.c.objc; path = "NSManagedObject+MagicalDataImport.m"; sourceTree = "<group>"; };
		D08801FB1774B55400D8311A /* NSManagedObject+MagicalFinders.h */ = {isa = PBXFileReference; fileEncoding = 4; lastKnownFileType = sourcecode.c.h; path = "NSManagedObject+MagicalFinders.h"; sourceTree = "<group>"; };
		D08801FC1774B55400D8311A /* NSManagedObject+MagicalFinders.m */ = {isa = PBXFileReference; fileEncoding = 4; lastKnownFileType = sourcecode.c.objc; path = "NSManagedObject+MagicalFinders.m"; sourceTree = "<group>"; };
		D08801FD1774B55400D8311A /* NSManagedObject+MagicalRecord.h */ = {isa = PBXFileReference; fileEncoding = 4; lastKnownFileType = sourcecode.c.h; path = "NSManagedObject+MagicalRecord.h"; sourceTree = "<group>"; };
		D08801FE1774B55400D8311A /* NSManagedObject+MagicalRecord.m */ = {isa = PBXFileReference; fileEncoding = 4; lastKnownFileType = sourcecode.c.objc; path = "NSManagedObject+MagicalRecord.m"; sourceTree = "<group>"; };
		D08801FF1774B55400D8311A /* NSManagedObject+MagicalRequests.h */ = {isa = PBXFileReference; fileEncoding = 4; lastKnownFileType = sourcecode.c.h; path = "NSManagedObject+MagicalRequests.h"; sourceTree = "<group>"; };
		D08802001774B55400D8311A /* NSManagedObject+MagicalRequests.m */ = {isa = PBXFileReference; fileEncoding = 4; lastKnownFileType = sourcecode.c.objc; path = "NSManagedObject+MagicalRequests.m"; sourceTree = "<group>"; };
		D08802021774B55400D8311A /* NSManagedObjectContext+MagicalObserving.h */ = {isa = PBXFileReference; fileEncoding = 4; lastKnownFileType = sourcecode.c.h; path = "NSManagedObjectContext+MagicalObserving.h"; sourceTree = "<group>"; };
		D08802031774B55400D8311A /* NSManagedObjectContext+MagicalObserving.m */ = {isa = PBXFileReference; fileEncoding = 4; lastKnownFileType = sourcecode.c.objc; path = "NSManagedObjectContext+MagicalObserving.m"; sourceTree = "<group>"; };
		D08802041774B55400D8311A /* NSManagedObjectContext+MagicalRecord.h */ = {isa = PBXFileReference; fileEncoding = 4; lastKnownFileType = sourcecode.c.h; path = "NSManagedObjectContext+MagicalRecord.h"; sourceTree = "<group>"; };
		D08802051774B55400D8311A /* NSManagedObjectContext+MagicalRecord.m */ = {isa = PBXFileReference; fileEncoding = 4; lastKnownFileType = sourcecode.c.objc; path = "NSManagedObjectContext+MagicalRecord.m"; sourceTree = "<group>"; };
		D08802061774B55400D8311A /* NSManagedObjectContext+MagicalSaves.h */ = {isa = PBXFileReference; fileEncoding = 4; lastKnownFileType = sourcecode.c.h; path = "NSManagedObjectContext+MagicalSaves.h"; sourceTree = "<group>"; };
		D08802071774B55400D8311A /* NSManagedObjectContext+MagicalSaves.m */ = {isa = PBXFileReference; fileEncoding = 4; lastKnownFileType = sourcecode.c.objc; path = "NSManagedObjectContext+MagicalSaves.m"; sourceTree = "<group>"; };
		D08802081774B55400D8311A /* NSManagedObjectContext+MagicalThreading.h */ = {isa = PBXFileReference; fileEncoding = 4; lastKnownFileType = sourcecode.c.h; path = "NSManagedObjectContext+MagicalThreading.h"; sourceTree = "<group>"; };
		D08802091774B55400D8311A /* NSManagedObjectContext+MagicalThreading.m */ = {isa = PBXFileReference; fileEncoding = 4; lastKnownFileType = sourcecode.c.objc; path = "NSManagedObjectContext+MagicalThreading.m"; sourceTree = "<group>"; };
		D088020A1774B55400D8311A /* NSManagedObjectModel+MagicalRecord.h */ = {isa = PBXFileReference; fileEncoding = 4; lastKnownFileType = sourcecode.c.h; path = "NSManagedObjectModel+MagicalRecord.h"; sourceTree = "<group>"; };
		D088020B1774B55400D8311A /* NSManagedObjectModel+MagicalRecord.m */ = {isa = PBXFileReference; fileEncoding = 4; lastKnownFileType = sourcecode.c.objc; path = "NSManagedObjectModel+MagicalRecord.m"; sourceTree = "<group>"; };
		D088020C1774B55400D8311A /* NSPersistentStore+MagicalRecord.h */ = {isa = PBXFileReference; fileEncoding = 4; lastKnownFileType = sourcecode.c.h; path = "NSPersistentStore+MagicalRecord.h"; sourceTree = "<group>"; };
		D088020D1774B55400D8311A /* NSPersistentStore+MagicalRecord.m */ = {isa = PBXFileReference; fileEncoding = 4; lastKnownFileType = sourcecode.c.objc; path = "NSPersistentStore+MagicalRecord.m"; sourceTree = "<group>"; };
		D088020E1774B55400D8311A /* NSPersistentStoreCoordinator+MagicalRecord.h */ = {isa = PBXFileReference; fileEncoding = 4; lastKnownFileType = sourcecode.c.h; path = "NSPersistentStoreCoordinator+MagicalRecord.h"; sourceTree = "<group>"; };
		D088020F1774B55400D8311A /* NSPersistentStoreCoordinator+MagicalRecord.m */ = {isa = PBXFileReference; fileEncoding = 4; lastKnownFileType = sourcecode.c.objc; path = "NSPersistentStoreCoordinator+MagicalRecord.m"; sourceTree = "<group>"; };
		D08802111774B55400D8311A /* MagicalRecord+Actions.h */ = {isa = PBXFileReference; fileEncoding = 4; lastKnownFileType = sourcecode.c.h; path = "MagicalRecord+Actions.h"; sourceTree = "<group>"; };
		D08802121774B55400D8311A /* MagicalRecord+Actions.m */ = {isa = PBXFileReference; fileEncoding = 4; lastKnownFileType = sourcecode.c.objc; path = "MagicalRecord+Actions.m"; sourceTree = "<group>"; };
		D08802131774B55400D8311A /* MagicalRecord+ErrorHandling.h */ = {isa = PBXFileReference; fileEncoding = 4; lastKnownFileType = sourcecode.c.h; path = "MagicalRecord+ErrorHandling.h"; sourceTree = "<group>"; };
		D08802141774B55400D8311A /* MagicalRecord+ErrorHandling.m */ = {isa = PBXFileReference; fileEncoding = 4; lastKnownFileType = sourcecode.c.objc; path = "MagicalRecord+ErrorHandling.m"; sourceTree = "<group>"; };
		D08802151774B55400D8311A /* MagicalRecord+iCloud.h */ = {isa = PBXFileReference; fileEncoding = 4; lastKnownFileType = sourcecode.c.h; path = "MagicalRecord+iCloud.h"; sourceTree = "<group>"; };
		D08802161774B55400D8311A /* MagicalRecord+iCloud.m */ = {isa = PBXFileReference; fileEncoding = 4; lastKnownFileType = sourcecode.c.objc; path = "MagicalRecord+iCloud.m"; sourceTree = "<group>"; };
		D08802171774B55400D8311A /* MagicalRecord+Options.h */ = {isa = PBXFileReference; fileEncoding = 4; lastKnownFileType = sourcecode.c.h; path = "MagicalRecord+Options.h"; sourceTree = "<group>"; };
		D08802181774B55400D8311A /* MagicalRecord+Options.m */ = {isa = PBXFileReference; fileEncoding = 4; lastKnownFileType = sourcecode.c.objc; path = "MagicalRecord+Options.m"; sourceTree = "<group>"; };
		D08802191774B55400D8311A /* MagicalRecord+Setup.h */ = {isa = PBXFileReference; fileEncoding = 4; lastKnownFileType = sourcecode.c.h; path = "MagicalRecord+Setup.h"; sourceTree = "<group>"; };
		D088021A1774B55400D8311A /* MagicalRecord+Setup.m */ = {isa = PBXFileReference; fileEncoding = 4; lastKnownFileType = sourcecode.c.objc; path = "MagicalRecord+Setup.m"; sourceTree = "<group>"; };
		D088021B1774B55400D8311A /* MagicalRecord+ShorthandSupport.h */ = {isa = PBXFileReference; fileEncoding = 4; lastKnownFileType = sourcecode.c.h; path = "MagicalRecord+ShorthandSupport.h"; sourceTree = "<group>"; };
		D088021C1774B55400D8311A /* MagicalRecord+ShorthandSupport.m */ = {isa = PBXFileReference; fileEncoding = 4; lastKnownFileType = sourcecode.c.objc; path = "MagicalRecord+ShorthandSupport.m"; sourceTree = "<group>"; };
		D088021D1774B55400D8311A /* MagicalRecord.h */ = {isa = PBXFileReference; fileEncoding = 4; lastKnownFileType = sourcecode.c.h; path = MagicalRecord.h; sourceTree = "<group>"; };
		D088021E1774B55400D8311A /* MagicalRecord.m */ = {isa = PBXFileReference; fileEncoding = 4; lastKnownFileType = sourcecode.c.objc; path = MagicalRecord.m; sourceTree = "<group>"; };
		D088021F1774B55400D8311A /* MagicalRecordShorthand.h */ = {isa = PBXFileReference; fileEncoding = 4; lastKnownFileType = sourcecode.c.h; path = MagicalRecordShorthand.h; sourceTree = "<group>"; };
		D08802201774B55400D8311A /* CoreData+MagicalRecord.h */ = {isa = PBXFileReference; fileEncoding = 4; lastKnownFileType = sourcecode.c.h; path = "CoreData+MagicalRecord.h"; sourceTree = "<group>"; };
		D088023B1774B6A300D8311A /* CoreData.framework */ = {isa = PBXFileReference; lastKnownFileType = wrapper.framework; name = CoreData.framework; path = System/Library/Frameworks/CoreData.framework; sourceTree = SDKROOT; };
		D09CD10D17719187000CD39D /* netraNewsObject.h */ = {isa = PBXFileReference; fileEncoding = 4; lastKnownFileType = sourcecode.c.h; path = netraNewsObject.h; sourceTree = "<group>"; };
		D09CD10E17719187000CD39D /* netraNewsObject.m */ = {isa = PBXFileReference; fileEncoding = 4; lastKnownFileType = sourcecode.c.objc; path = netraNewsObject.m; sourceTree = "<group>"; };
		D09CD111177191A9000CD39D /* netraTrading.h */ = {isa = PBXFileReference; fileEncoding = 4; lastKnownFileType = sourcecode.c.h; path = netraTrading.h; sourceTree = "<group>"; };
		D09CD112177191A9000CD39D /* netraTrading.m */ = {isa = PBXFileReference; fileEncoding = 4; lastKnownFileType = sourcecode.c.objc; path = netraTrading.m; sourceTree = "<group>"; };
		D09CD1141771B3FA000CD39D /* newsCell.h */ = {isa = PBXFileReference; fileEncoding = 4; lastKnownFileType = sourcecode.c.h; path = newsCell.h; sourceTree = "<group>"; };
		D09CD1151771B3FA000CD39D /* newsCell.m */ = {isa = PBXFileReference; fileEncoding = 4; lastKnownFileType = sourcecode.c.objc; path = newsCell.m; sourceTree = "<group>"; };
		D09CD1181771D72F000CD39D /* navbar@2x.png */ = {isa = PBXFileReference; lastKnownFileType = image.png; path = "navbar@2x.png"; sourceTree = "<group>"; };
		D09CD11A1771D97E000CD39D /* left@2x.png */ = {isa = PBXFileReference; lastKnownFileType = image.png; path = "left@2x.png"; sourceTree = "<group>"; };
		D09CD11C1771DB3F000CD39D /* right@2x.png */ = {isa = PBXFileReference; lastKnownFileType = image.png; path = "right@2x.png"; sourceTree = "<group>"; };
		D09CD11E1771DE2D000CD39D /* Netra.m */ = {isa = PBXFileReference; lastKnownFileType = sourcecode.c.objc; path = Netra.m; sourceTree = "<group>"; };
		D09CD11F1771DE2D000CD39D /* Netra.h */ = {isa = PBXFileReference; lastKnownFileType = sourcecode.c.h; path = Netra.h; sourceTree = "<group>"; };
		D09CD1201771EA6B000CD39D /* rightCell.h */ = {isa = PBXFileReference; fileEncoding = 4; lastKnownFileType = sourcecode.c.h; path = rightCell.h; sourceTree = "<group>"; };
		D09CD1211771EA6B000CD39D /* rightCell.m */ = {isa = PBXFileReference; fileEncoding = 4; lastKnownFileType = sourcecode.c.objc; path = rightCell.m; sourceTree = "<group>"; };
		D09CD12317721AB0000CD39D /* 5@2x.png */ = {isa = PBXFileReference; lastKnownFileType = image.png; path = "5@2x.png"; sourceTree = "<group>"; };
		D09CD12417721AB0000CD39D /* down@2x.png */ = {isa = PBXFileReference; lastKnownFileType = image.png; path = "down@2x.png"; sourceTree = "<group>"; };
		D09CD12517721AB0000CD39D /* up@2x.png */ = {isa = PBXFileReference; lastKnownFileType = image.png; path = "up@2x.png"; sourceTree = "<group>"; };
		D09CD1291772265B000CD39D /* 1@2x.png */ = {isa = PBXFileReference; lastKnownFileType = image.png; path = "1@2x.png"; sourceTree = "<group>"; };
		D09CD12A1772265B000CD39D /* 2@2x.png */ = {isa = PBXFileReference; lastKnownFileType = image.png; path = "2@2x.png"; sourceTree = "<group>"; };
		D09CD12B1772265B000CD39D /* 4@2x.png */ = {isa = PBXFileReference; lastKnownFileType = image.png; path = "4@2x.png"; sourceTree = "<group>"; };
		D09CD12F17722670000CD39D /* 3@2x.png */ = {isa = PBXFileReference; lastKnownFileType = image.png; path = "3@2x.png"; sourceTree = "<group>"; };
		D09CD13C17735533000CD39D /* netraBerkalaViewController.h */ = {isa = PBXFileReference; fileEncoding = 4; lastKnownFileType = sourcecode.c.h; path = netraBerkalaViewController.h; sourceTree = "<group>"; };
		D09CD13D17735533000CD39D /* netraBerkalaViewController.m */ = {isa = PBXFileReference; fileEncoding = 4; lastKnownFileType = sourcecode.c.objc; path = netraBerkalaViewController.m; sourceTree = "<group>"; };
		D09CD13F17735542000CD39D /* netraKebutuhanViewController.h */ = {isa = PBXFileReference; fileEncoding = 4; lastKnownFileType = sourcecode.c.h; path = netraKebutuhanViewController.h; sourceTree = "<group>"; };
		D09CD14017735542000CD39D /* netraKebutuhanViewController.m */ = {isa = PBXFileReference; fileEncoding = 4; lastKnownFileType = sourcecode.c.objc; path = netraKebutuhanViewController.m; sourceTree = "<group>"; };
		D09CD14217735551000CD39D /* netraHasilInvestasiViewController.h */ = {isa = PBXFileReference; fileEncoding = 4; lastKnownFileType = sourcecode.c.h; path = netraHasilInvestasiViewController.h; sourceTree = "<group>"; };
		D09CD14317735551000CD39D /* netraHasilInvestasiViewController.m */ = {isa = PBXFileReference; fileEncoding = 4; lastKnownFileType = sourcecode.c.objc; path = netraHasilInvestasiViewController.m; sourceTree = "<group>"; };
		D0A3CAFB177C90E600B884EA /* TJSpinner.h */ = {isa = PBXFileReference; fileEncoding = 4; lastKnownFileType = sourcecode.c.h; path = TJSpinner.h; sourceTree = "<group>"; };
		D0A3CAFC177C90E600B884EA /* TJSpinner.m */ = {isa = PBXFileReference; fileEncoding = 4; lastKnownFileType = sourcecode.c.objc; path = TJSpinner.m; sourceTree = "<group>"; };
		D0A3CAFE177C945A00B884EA /* DetailCustomer.h */ = {isa = PBXFileReference; fileEncoding = 4; lastKnownFileType = sourcecode.c.h; path = DetailCustomer.h; sourceTree = "<group>"; };
		D0A3CAFF177C945A00B884EA /* DetailCustomer.m */ = {isa = PBXFileReference; fileEncoding = 4; lastKnownFileType = sourcecode.c.objc; path = DetailCustomer.m; sourceTree = "<group>"; };
		D0D41C1C177B734D00362F13 /* common.h */ = {isa = PBXFileReference; fileEncoding = 4; lastKnownFileType = sourcecode.c.h; path = common.h; sourceTree = "<group>"; };
		D0D41C1D177B734D00362F13 /* common.m */ = {isa = PBXFileReference; fileEncoding = 4; lastKnownFileType = sourcecode.c.objc; path = common.m; sourceTree = "<group>"; };
		D0D41C23177B781D00362F13 /* customerPortfolio.h */ = {isa = PBXFileReference; fileEncoding = 4; lastKnownFileType = sourcecode.c.h; path = customerPortfolio.h; sourceTree = "<group>"; };
		D0D41C24177B781D00362F13 /* customerPortfolio.m */ = {isa = PBXFileReference; fileEncoding = 4; lastKnownFileType = sourcecode.c.objc; path = customerPortfolio.m; sourceTree = "<group>"; };
		D0D41C26177C1BA300362F13 /* searchbar@2x.png */ = {isa = PBXFileReference; lastKnownFileType = image.png; path = "searchbar@2x.png"; sourceTree = "<group>"; };
		D0D41C29177C23D500362F13 /* netraMX.h */ = {isa = PBXFileReference; fileEncoding = 4; lastKnownFileType = sourcecode.c.h; path = netraMX.h; sourceTree = "<group>"; };
		D0D41C2A177C23D500362F13 /* netraMX.m */ = {isa = PBXFileReference; fileEncoding = 4; lastKnownFileType = sourcecode.c.objc; path = netraMX.m; sourceTree = "<group>"; };
		D0D41C2E177C25BE00362F13 /* mitra.xcdatamodel */ = {isa = PBXFileReference; lastKnownFileType = wrapper.xcdatamodel; path = mitra.xcdatamodel; sourceTree = "<group>"; };
		D0D41C31177C260900362F13 /* Mitra.h */ = {isa = PBXFileReference; fileEncoding = 4; lastKnownFileType = sourcecode.c.h; path = Mitra.h; sourceTree = "<group>"; };
		D0D41C32177C260900362F13 /* Mitra.m */ = {isa = PBXFileReference; fileEncoding = 4; lastKnownFileType = sourcecode.c.objc; path = Mitra.m; sourceTree = "<group>"; };
		D0D41C35177C269F00362F13 /* customer.h */ = {isa = PBXFileReference; fileEncoding = 4; lastKnownFileType = sourcecode.c.h; path = customer.h; sourceTree = "<group>"; };
		D0D41C36177C269F00362F13 /* customer.m */ = {isa = PBXFileReference; fileEncoding = 4; lastKnownFileType = sourcecode.c.objc; path = customer.m; sourceTree = "<group>"; };
		D0D41C38177C7B7700362F13 /* customerCell.h */ = {isa = PBXFileReference; fileEncoding = 4; lastKnownFileType = sourcecode.c.h; path = customerCell.h; sourceTree = "<group>"; };
		D0D41C39177C7B7700362F13 /* customerCell.m */ = {isa = PBXFileReference; fileEncoding = 4; lastKnownFileType = sourcecode.c.objc; path = customerCell.m; sourceTree = "<group>"; };
/* End PBXFileReference section */

/* Begin PBXFrameworksBuildPhase section */
		D04252171770B7DD000C348B /* Frameworks */ = {
			isa = PBXFrameworksBuildPhase;
			buildActionMask = 2147483647;
			files = (
				D088023C1774B6A300D8311A /* CoreData.framework in Frameworks */,
				D042521E1770B7DD000C348B /* UIKit.framework in Frameworks */,
				D042526F1770BAA9000C348B /* QuartzCore.framework in Frameworks */,
				D04252201770B7DD000C348B /* Foundation.framework in Frameworks */,
				D04252221770B7DD000C348B /* CoreGraphics.framework in Frameworks */,
			);
			runOnlyForDeploymentPostprocessing = 0;
		};
/* End PBXFrameworksBuildPhase section */

/* Begin PBXGroup section */
		D04252111770B7DD000C348B = {
			isa = PBXGroup;
			children = (
				D088023B1774B6A300D8311A /* CoreData.framework */,
				D09CD1171771D72E000CD39D /* images */,
				D04252231770B7DD000C348B /* PAN-AM */,
				D042521C1770B7DD000C348B /* Frameworks */,
				D042521B1770B7DD000C348B /* Products */,
			);
			sourceTree = "<group>";
		};
		D042521B1770B7DD000C348B /* Products */ = {
			isa = PBXGroup;
			children = (
				D042521A1770B7DD000C348B /* PAN-AM.app */,
			);
			name = Products;
			sourceTree = "<group>";
		};
		D042521C1770B7DD000C348B /* Frameworks */ = {
			isa = PBXGroup;
			children = (
				D042526D1770BA9E000C348B /* QuartzCore.framework */,
				D042521D1770B7DD000C348B /* UIKit.framework */,
				D042521F1770B7DD000C348B /* Foundation.framework */,
				D04252211770B7DD000C348B /* CoreGraphics.framework */,
			);
			name = Frameworks;
			sourceTree = "<group>";
		};
		D04252231770B7DD000C348B /* PAN-AM */ = {
			isa = PBXGroup;
			children = (
				D075C3421773773D00C775CB /* menu */,
				D04252411770B847000C348B /* library */,
				D04252421770B847000C348B /* model */,
				D042523A1770B800000C348B /* center */,
				D042523B1770B801000C348B /* left */,
				D042523C1770B801000C348B /* right */,
				D042522C1770B7DD000C348B /* netraAppDelegate.h */,
				D042522D1770B7DD000C348B /* netraAppDelegate.m */,
				D04252241770B7DD000C348B /* Supporting Files */,
			);
			path = "PAN-AM";
			sourceTree = "<group>";
		};
		D04252241770B7DD000C348B /* Supporting Files */ = {
			isa = PBXGroup;
			children = (
				D04252251770B7DD000C348B /* PAN-AM-Info.plist */,
				D04252261770B7DD000C348B /* InfoPlist.strings */,
				D04252291770B7DD000C348B /* main.m */,
				D042522B1770B7DD000C348B /* PAN-AM-Prefix.pch */,
				D042522F1770B7DD000C348B /* Default.png */,
				D04252311770B7DD000C348B /* Default@2x.png */,
				D04252331770B7DD000C348B /* Default-568h@2x.png */,
			);
			name = "Supporting Files";
			sourceTree = "<group>";
		};
		D042523A1770B800000C348B /* center */ = {
			isa = PBXGroup;
			children = (
				D042523D1770B822000C348B /* news */,
			);
			name = center;
			path = view/center;
			sourceTree = "<group>";
		};
		D042523B1770B801000C348B /* left */ = {
			isa = PBXGroup;
			children = (
				D0D41C22177B781D00362F13 /* customerPortfolio */,
				D075C3581773FD3A00C775CB /* login */,
				D09CD13617734400000CD39D /* cycle */,
				D09CD13717734400000CD39D /* investor */,
				D09CD13817734400000CD39D /* kalkulator */,
				D04252731770BDDF000C348B /* netraLeftViewController.h */,
				D04252741770BDDF000C348B /* netraLeftViewController.m */,
			);
			name = left;
			path = view/left;
			sourceTree = "<group>";
		};
		D042523C1770B801000C348B /* right */ = {
			isa = PBXGroup;
			children = (
				D04252701770BC81000C348B /* netraViewControllerRight.h */,
				D04252711770BC81000C348B /* netraViewControllerRight.m */,
				D09CD1201771EA6B000CD39D /* rightCell.h */,
				D09CD1211771EA6B000CD39D /* rightCell.m */,
			);
			name = right;
			path = view/right;
			sourceTree = "<group>";
		};
		D042523D1770B822000C348B /* news */ = {
			isa = PBXGroup;
			children = (
				D042523E1770B834000C348B /* netraViewController.h */,
				D042523F1770B834000C348B /* netraViewController.m */,
				D09CD1141771B3FA000CD39D /* newsCell.h */,
				D09CD1151771B3FA000CD39D /* newsCell.m */,
			);
			path = news;
			sourceTree = "<group>";
		};
		D04252411770B847000C348B /* library */ = {
			isa = PBXGroup;
			children = (
				D0A3CAFA177C90E600B884EA /* NetraSpinner */,
				D0D41C1B177B733700362F13 /* common */,
				D08801E51774B55400D8311A /* MagicalRecord */,
				D075C3511773FC6B00C775CB /* Source */,
				D09CD11E1771DE2D000CD39D /* Netra.m */,
				D09CD11F1771DE2D000CD39D /* Netra.h */,
				D042524A1770B9B8000C348B /* netraAfn */,
				D04252431770B9A3000C348B /* SidePanel */,
			);
			path = library;
			sourceTree = "<group>";
		};
		D04252421770B847000C348B /* model */ = {
			isa = PBXGroup;
			children = (
				D0D41C34177C269F00362F13 /* customerPortfolio */,
				D0D41C30177C25EF00362F13 /* mitraSearch */,
				D0D41C2C177C25BE00362F13 /* coredata */,
				D0D41C28177C23D500362F13 /* customer */,
				D09CD1101771919C000CD39D /* tradingObj */,
				D09CD10C17719187000CD39D /* newsObj */,
			);
			path = model;
			sourceTree = "<group>";
		};
		D04252431770B9A3000C348B /* SidePanel */ = {
			isa = PBXGroup;
			children = (
				D04252441770B9A3000C348B /* JASidePanelController.h */,
				D04252451770B9A3000C348B /* JASidePanelController.m */,
				D04252461770B9A3000C348B /* UIViewController+JASidePanel.h */,
				D04252471770B9A3000C348B /* UIViewController+JASidePanel.m */,
			);
			path = SidePanel;
			sourceTree = "<group>";
		};
		D042524A1770B9B8000C348B /* netraAfn */ = {
			isa = PBXGroup;
			children = (
				D042524B1770B9B8000C348B /* AFHTTPClient.h */,
				D042524C1770B9B8000C348B /* AFHTTPClient.m */,
				D042524D1770B9B8000C348B /* AFHTTPRequestOperation.h */,
				D042524E1770B9B8000C348B /* AFHTTPRequestOperation.m */,
				D042524F1770B9B8000C348B /* AFImageRequestOperation.h */,
				D04252501770B9B8000C348B /* AFImageRequestOperation.m */,
				D04252511770B9B8000C348B /* AFJSONRequestOperation.h */,
				D04252521770B9B8000C348B /* AFJSONRequestOperation.m */,
				D04252531770B9B8000C348B /* AFJSONUtilities.h */,
				D04252541770B9B8000C348B /* AFJSONUtilities.m */,
				D04252551770B9B8000C348B /* AFNetworkActivityIndicatorManager.h */,
				D04252561770B9B8000C348B /* AFNetworkActivityIndicatorManager.m */,
				D04252571770B9B8000C348B /* AFNetworking.h */,
				D04252581770B9B8000C348B /* AFPropertyListRequestOperation.h */,
				D04252591770B9B8000C348B /* AFPropertyListRequestOperation.m */,
				D042525A1770B9B8000C348B /* AFURLConnectionOperation.h */,
				D042525B1770B9B8000C348B /* AFURLConnectionOperation.m */,
				D042525C1770B9B8000C348B /* AFXMLRequestOperation.h */,
				D042525D1770B9B8000C348B /* AFXMLRequestOperation.m */,
				D042525E1770B9B8000C348B /* JSONKit.h */,
				D042525F1770B9B8000C348B /* JSONKit.m */,
				D04252601770B9B8000C348B /* UIImageView+AFNetworking.h */,
				D04252611770B9B8000C348B /* UIImageView+AFNetworking.m */,
			);
			path = netraAfn;
			sourceTree = "<group>";
		};
		D075C3421773773D00C775CB /* menu */ = {
			isa = PBXGroup;
			children = (
				D075C3431773773D00C775CB /* leftWindow.plist */,
			);
			name = menu;
			path = model/menu;
			sourceTree = "<group>";
		};
		D075C3511773FC6B00C775CB /* Source */ = {
			isa = PBXGroup;
			children = (
				D075C3521773FC6C00C775CB /* MJPopupBackgroundView.h */,
				D075C3531773FC6C00C775CB /* MJPopupBackgroundView.m */,
				D075C3541773FC6C00C775CB /* UIViewController+MJPopupViewController.h */,
				D075C3551773FC6C00C775CB /* UIViewController+MJPopupViewController.m */,
			);
			path = Source;
			sourceTree = "<group>";
		};
		D075C3581773FD3A00C775CB /* login */ = {
			isa = PBXGroup;
			children = (
				D075C3591773FD5100C775CB /* netraGLobalLoginViewController.h */,
				D075C35A1773FD5100C775CB /* netraGLobalLoginViewController.m */,
			);
			path = login;
			sourceTree = "<group>";
		};
		D08801E51774B55400D8311A /* MagicalRecord */ = {
			isa = PBXGroup;
			children = (
				D08801E61774B55400D8311A /* Categories */,
				D08802101774B55400D8311A /* Core */,
				D08802201774B55400D8311A /* CoreData+MagicalRecord.h */,
			);
			path = MagicalRecord;
			sourceTree = "<group>";
		};
		D08801E61774B55400D8311A /* Categories */ = {
			isa = PBXGroup;
			children = (
				D08801E71774B55400D8311A /* DataImport */,
				D08801F61774B55400D8311A /* NSManagedObject */,
				D08802011774B55400D8311A /* NSManagedObjectContext */,
				D088020A1774B55400D8311A /* NSManagedObjectModel+MagicalRecord.h */,
				D088020B1774B55400D8311A /* NSManagedObjectModel+MagicalRecord.m */,
				D088020C1774B55400D8311A /* NSPersistentStore+MagicalRecord.h */,
				D088020D1774B55400D8311A /* NSPersistentStore+MagicalRecord.m */,
				D088020E1774B55400D8311A /* NSPersistentStoreCoordinator+MagicalRecord.h */,
				D088020F1774B55400D8311A /* NSPersistentStoreCoordinator+MagicalRecord.m */,
			);
			path = Categories;
			sourceTree = "<group>";
		};
		D08801E71774B55400D8311A /* DataImport */ = {
			isa = PBXGroup;
			children = (
				D08801E81774B55400D8311A /* MagicalImportFunctions.h */,
				D08801E91774B55400D8311A /* MagicalImportFunctions.m */,
				D08801EA1774B55400D8311A /* NSAttributeDescription+MagicalDataImport.h */,
				D08801EB1774B55400D8311A /* NSAttributeDescription+MagicalDataImport.m */,
				D08801EC1774B55400D8311A /* NSEntityDescription+MagicalDataImport.h */,
				D08801ED1774B55400D8311A /* NSEntityDescription+MagicalDataImport.m */,
				D08801EE1774B55400D8311A /* NSNumber+MagicalDataImport.h */,
				D08801EF1774B55400D8311A /* NSNumber+MagicalDataImport.m */,
				D08801F01774B55400D8311A /* NSObject+MagicalDataImport.h */,
				D08801F11774B55400D8311A /* NSObject+MagicalDataImport.m */,
				D08801F21774B55400D8311A /* NSRelationshipDescription+MagicalDataImport.h */,
				D08801F31774B55400D8311A /* NSRelationshipDescription+MagicalDataImport.m */,
				D08801F41774B55400D8311A /* NSString+MagicalDataImport.h */,
				D08801F51774B55400D8311A /* NSString+MagicalDataImport.m */,
			);
			path = DataImport;
			sourceTree = "<group>";
		};
		D08801F61774B55400D8311A /* NSManagedObject */ = {
			isa = PBXGroup;
			children = (
				D08801F71774B55400D8311A /* NSManagedObject+MagicalAggregation.h */,
				D08801F81774B55400D8311A /* NSManagedObject+MagicalAggregation.m */,
				D08801F91774B55400D8311A /* NSManagedObject+MagicalDataImport.h */,
				D08801FA1774B55400D8311A /* NSManagedObject+MagicalDataImport.m */,
				D08801FB1774B55400D8311A /* NSManagedObject+MagicalFinders.h */,
				D08801FC1774B55400D8311A /* NSManagedObject+MagicalFinders.m */,
				D08801FD1774B55400D8311A /* NSManagedObject+MagicalRecord.h */,
				D08801FE1774B55400D8311A /* NSManagedObject+MagicalRecord.m */,
				D08801FF1774B55400D8311A /* NSManagedObject+MagicalRequests.h */,
				D08802001774B55400D8311A /* NSManagedObject+MagicalRequests.m */,
			);
			path = NSManagedObject;
			sourceTree = "<group>";
		};
		D08802011774B55400D8311A /* NSManagedObjectContext */ = {
			isa = PBXGroup;
			children = (
				D08802021774B55400D8311A /* NSManagedObjectContext+MagicalObserving.h */,
				D08802031774B55400D8311A /* NSManagedObjectContext+MagicalObserving.m */,
				D08802041774B55400D8311A /* NSManagedObjectContext+MagicalRecord.h */,
				D08802051774B55400D8311A /* NSManagedObjectContext+MagicalRecord.m */,
				D08802061774B55400D8311A /* NSManagedObjectContext+MagicalSaves.h */,
				D08802071774B55400D8311A /* NSManagedObjectContext+MagicalSaves.m */,
				D08802081774B55400D8311A /* NSManagedObjectContext+MagicalThreading.h */,
				D08802091774B55400D8311A /* NSManagedObjectContext+MagicalThreading.m */,
			);
			path = NSManagedObjectContext;
			sourceTree = "<group>";
		};
		D08802101774B55400D8311A /* Core */ = {
			isa = PBXGroup;
			children = (
				D08802111774B55400D8311A /* MagicalRecord+Actions.h */,
				D08802121774B55400D8311A /* MagicalRecord+Actions.m */,
				D08802131774B55400D8311A /* MagicalRecord+ErrorHandling.h */,
				D08802141774B55400D8311A /* MagicalRecord+ErrorHandling.m */,
				D08802151774B55400D8311A /* MagicalRecord+iCloud.h */,
				D08802161774B55400D8311A /* MagicalRecord+iCloud.m */,
				D08802171774B55400D8311A /* MagicalRecord+Options.h */,
				D08802181774B55400D8311A /* MagicalRecord+Options.m */,
				D08802191774B55400D8311A /* MagicalRecord+Setup.h */,
				D088021A1774B55400D8311A /* MagicalRecord+Setup.m */,
				D088021B1774B55400D8311A /* MagicalRecord+ShorthandSupport.h */,
				D088021C1774B55400D8311A /* MagicalRecord+ShorthandSupport.m */,
				D088021D1774B55400D8311A /* MagicalRecord.h */,
				D088021E1774B55400D8311A /* MagicalRecord.m */,
				D088021F1774B55400D8311A /* MagicalRecordShorthand.h */,
			);
			path = Core;
			sourceTree = "<group>";
		};
		D09CD10C17719187000CD39D /* newsObj */ = {
			isa = PBXGroup;
			children = (
				D09CD10D17719187000CD39D /* netraNewsObject.h */,
				D09CD10E17719187000CD39D /* netraNewsObject.m */,
			);
			name = newsObj;
			path = netraObject/newsObj;
			sourceTree = "<group>";
		};
		D09CD1101771919C000CD39D /* tradingObj */ = {
			isa = PBXGroup;
			children = (
				D09CD111177191A9000CD39D /* netraTrading.h */,
				D09CD112177191A9000CD39D /* netraTrading.m */,
			);
			name = tradingObj;
			path = ../view/center/tradingObj;
			sourceTree = "<group>";
		};
		D09CD1171771D72E000CD39D /* images */ = {
			isa = PBXGroup;
			children = (
				D09CD11A1771D97E000CD39D /* left@2x.png */,
				D09CD12317721AB0000CD39D /* 5@2x.png */,
				D09CD12417721AB0000CD39D /* down@2x.png */,
				D09CD12517721AB0000CD39D /* up@2x.png */,
				D075C33E17736BDC00C775CB /* login_mitra@2x.png */,
				D08801E117742D9000D8311A /* login@2x.png */,
				D08801E317742EE900D8311A /* login_push@2x.png */,
				D0D41C26177C1BA300362F13 /* searchbar@2x.png */,
				D075C33F17736BDC00C775CB /* login_nasabah@2x.png */,
				D09CD1291772265B000CD39D /* 1@2x.png */,
				D09CD12A1772265B000CD39D /* 2@2x.png */,
				D09CD12F17722670000CD39D /* 3@2x.png */,
				D09CD12B1772265B000CD39D /* 4@2x.png */,
				D09CD11C1771DB3F000CD39D /* right@2x.png */,
				D09CD1181771D72F000CD39D /* navbar@2x.png */,
			);
			name = images;
			path = "PAN-AM/images";
			sourceTree = "<group>";
		};
		D09CD13617734400000CD39D /* cycle */ = {
			isa = PBXGroup;
			children = (
			);
			path = cycle;
			sourceTree = "<group>";
		};
		D09CD13717734400000CD39D /* investor */ = {
			isa = PBXGroup;
			children = (
			);
			path = investor;
			sourceTree = "<group>";
		};
		D09CD13817734400000CD39D /* kalkulator */ = {
			isa = PBXGroup;
			children = (
				D09CD13917735523000CD39D /* berkala */,
				D09CD13A17735523000CD39D /* investasi */,
				D09CD13B17735523000CD39D /* kebutuhan */,
			);
			path = kalkulator;
			sourceTree = "<group>";
		};
		D09CD13917735523000CD39D /* berkala */ = {
			isa = PBXGroup;
			children = (
				D09CD13C17735533000CD39D /* netraBerkalaViewController.h */,
				D09CD13D17735533000CD39D /* netraBerkalaViewController.m */,
			);
			path = berkala;
			sourceTree = "<group>";
		};
		D09CD13A17735523000CD39D /* investasi */ = {
			isa = PBXGroup;
			children = (
				D09CD14217735551000CD39D /* netraHasilInvestasiViewController.h */,
				D09CD14317735551000CD39D /* netraHasilInvestasiViewController.m */,
			);
			path = investasi;
			sourceTree = "<group>";
		};
		D09CD13B17735523000CD39D /* kebutuhan */ = {
			isa = PBXGroup;
			children = (
				D09CD13F17735542000CD39D /* netraKebutuhanViewController.h */,
				D09CD14017735542000CD39D /* netraKebutuhanViewController.m */,
			);
			path = kebutuhan;
			sourceTree = "<group>";
		};
		D0A3CAFA177C90E600B884EA /* NetraSpinner */ = {
			isa = PBXGroup;
			children = (
				D0A3CAFB177C90E600B884EA /* TJSpinner.h */,
				D0A3CAFC177C90E600B884EA /* TJSpinner.m */,
			);
			path = NetraSpinner;
			sourceTree = "<group>";
		};
		D0D41C1B177B733700362F13 /* common */ = {
			isa = PBXGroup;
			children = (
				D0D41C1C177B734D00362F13 /* common.h */,
				D0D41C1D177B734D00362F13 /* common.m */,
			);
			path = common;
			sourceTree = "<group>";
		};
		D0D41C22177B781D00362F13 /* customerPortfolio */ = {
			isa = PBXGroup;
			children = (
				D0D41C23177B781D00362F13 /* customerPortfolio.h */,
				D0D41C24177B781D00362F13 /* customerPortfolio.m */,
				D0D41C38177C7B7700362F13 /* customerCell.h */,
				D0D41C39177C7B7700362F13 /* customerCell.m */,
				D0A3CAFE177C945A00B884EA /* DetailCustomer.h */,
				D0A3CAFF177C945A00B884EA /* DetailCustomer.m */,
			);
			path = customerPortfolio;
			sourceTree = "<group>";
		};
		D0D41C28177C23D500362F13 /* customer */ = {
			isa = PBXGroup;
			children = (
				D0D41C29177C23D500362F13 /* netraMX.h */,
				D0D41C2A177C23D500362F13 /* netraMX.m */,
			);
			path = customer;
			sourceTree = "<group>";
		};
		D0D41C2C177C25BE00362F13 /* coredata */ = {
			isa = PBXGroup;
			children = (
				D0D41C2D177C25BE00362F13 /* PAN.xcdatamodeld */,
			);
			path = coredata;
			sourceTree = "<group>";
		};
		D0D41C30177C25EF00362F13 /* mitraSearch */ = {
			isa = PBXGroup;
			children = (
				D0D41C31177C260900362F13 /* Mitra.h */,
				D0D41C32177C260900362F13 /* Mitra.m */,
			);
			path = mitraSearch;
			sourceTree = "<group>";
		};
		D0D41C34177C269F00362F13 /* customerPortfolio */ = {
			isa = PBXGroup;
			children = (
				D0D41C35177C269F00362F13 /* customer.h */,
				D0D41C36177C269F00362F13 /* customer.m */,
			);
			path = customerPortfolio;
			sourceTree = "<group>";
		};
/* End PBXGroup section */

/* Begin PBXNativeTarget section */
		D04252191770B7DD000C348B /* PAN-AM */ = {
			isa = PBXNativeTarget;
			buildConfigurationList = D04252371770B7DD000C348B /* Build configuration list for PBXNativeTarget "PAN-AM" */;
			buildPhases = (
				D04252161770B7DD000C348B /* Sources */,
				D04252171770B7DD000C348B /* Frameworks */,
				D04252181770B7DD000C348B /* Resources */,
			);
			buildRules = (
			);
			dependencies = (
			);
			name = "PAN-AM";
			productName = "PAN-AM";
			productReference = D042521A1770B7DD000C348B /* PAN-AM.app */;
			productType = "com.apple.product-type.application";
		};
/* End PBXNativeTarget section */

/* Begin PBXProject section */
		D04252121770B7DD000C348B /* Project object */ = {
			isa = PBXProject;
			attributes = {
				CLASSPREFIX = netra;
				LastUpgradeCheck = 0460;
				ORGANIZATIONNAME = vootobox;
			};
			buildConfigurationList = D04252151770B7DD000C348B /* Build configuration list for PBXProject "PAN-AM" */;
			compatibilityVersion = "Xcode 3.2";
			developmentRegion = English;
			hasScannedForEncodings = 0;
			knownRegions = (
				en,
			);
			mainGroup = D04252111770B7DD000C348B;
			productRefGroup = D042521B1770B7DD000C348B /* Products */;
			projectDirPath = "";
			projectRoot = "";
			targets = (
				D04252191770B7DD000C348B /* PAN-AM */,
			);
		};
/* End PBXProject section */

/* Begin PBXResourcesBuildPhase section */
		D04252181770B7DD000C348B /* Resources */ = {
			isa = PBXResourcesBuildPhase;
			buildActionMask = 2147483647;
			files = (
				D04252281770B7DD000C348B /* InfoPlist.strings in Resources */,
				D04252301770B7DD000C348B /* Default.png in Resources */,
				D04252321770B7DD000C348B /* Default@2x.png in Resources */,
				D04252341770B7DD000C348B /* Default-568h@2x.png in Resources */,
				D09CD1191771D72F000CD39D /* navbar@2x.png in Resources */,
				D09CD11B1771D97E000CD39D /* left@2x.png in Resources */,
				D09CD11D1771DB3F000CD39D /* right@2x.png in Resources */,
				D09CD12617721AB0000CD39D /* 5@2x.png in Resources */,
				D09CD12717721AB0000CD39D /* down@2x.png in Resources */,
				D09CD12817721AB0000CD39D /* up@2x.png in Resources */,
				D09CD12C1772265B000CD39D /* 1@2x.png in Resources */,
				D09CD12D1772265B000CD39D /* 2@2x.png in Resources */,
				D09CD12E1772265B000CD39D /* 4@2x.png in Resources */,
				D09CD13017722670000CD39D /* 3@2x.png in Resources */,
				D075C34017736BDC00C775CB /* login_mitra@2x.png in Resources */,
				D075C34117736BDC00C775CB /* login_nasabah@2x.png in Resources */,
				D075C3441773773D00C775CB /* leftWindow.plist in Resources */,
				D08801E217742D9000D8311A /* login@2x.png in Resources */,
				D08801E417742EE900D8311A /* login_push@2x.png in Resources */,
				D0D41C27177C1BA300362F13 /* searchbar@2x.png in Resources */,
			);
			runOnlyForDeploymentPostprocessing = 0;
		};
/* End PBXResourcesBuildPhase section */

/* Begin PBXSourcesBuildPhase section */
		D04252161770B7DD000C348B /* Sources */ = {
			isa = PBXSourcesBuildPhase;
			buildActionMask = 2147483647;
			files = (
				D042522A1770B7DD000C348B /* main.m in Sources */,
				D042522E1770B7DD000C348B /* netraAppDelegate.m in Sources */,
				D04252401770B834000C348B /* netraViewController.m in Sources */,
				D04252481770B9A3000C348B /* JASidePanelController.m in Sources */,
				D04252491770B9A3000C348B /* UIViewController+JASidePanel.m in Sources */,
				D04252621770B9B8000C348B /* AFHTTPClient.m in Sources */,
				D04252631770B9B8000C348B /* AFHTTPRequestOperation.m in Sources */,
				D04252641770B9B8000C348B /* AFImageRequestOperation.m in Sources */,
				D04252651770B9B8000C348B /* AFJSONRequestOperation.m in Sources */,
				D04252661770B9B8000C348B /* AFJSONUtilities.m in Sources */,
				D04252671770B9B8000C348B /* AFNetworkActivityIndicatorManager.m in Sources */,
				D04252681770B9B8000C348B /* AFPropertyListRequestOperation.m in Sources */,
				D04252691770B9B8000C348B /* AFURLConnectionOperation.m in Sources */,
				D042526A1770B9B8000C348B /* AFXMLRequestOperation.m in Sources */,
				D042526B1770B9B8000C348B /* JSONKit.m in Sources */,
				D042526C1770B9B8000C348B /* UIImageView+AFNetworking.m in Sources */,
				D04252721770BC81000C348B /* netraViewControllerRight.m in Sources */,
				D04252751770BDDF000C348B /* netraLeftViewController.m in Sources */,
				D09CD10F17719187000CD39D /* netraNewsObject.m in Sources */,
				D09CD113177191A9000CD39D /* netraTrading.m in Sources */,
				D09CD1161771B3FA000CD39D /* newsCell.m in Sources */,
				D09CD1221771EA6B000CD39D /* rightCell.m in Sources */,
				D09CD13E17735533000CD39D /* netraBerkalaViewController.m in Sources */,
				D09CD14117735542000CD39D /* netraKebutuhanViewController.m in Sources */,
				D09CD14417735551000CD39D /* netraHasilInvestasiViewController.m in Sources */,
				D075C3561773FC6C00C775CB /* MJPopupBackgroundView.m in Sources */,
				D075C3571773FC6C00C775CB /* UIViewController+MJPopupViewController.m in Sources */,
				D075C35B1773FD5100C775CB /* netraGLobalLoginViewController.m in Sources */,
				D08802211774B55400D8311A /* MagicalImportFunctions.m in Sources */,
				D08802221774B55400D8311A /* NSAttributeDescription+MagicalDataImport.m in Sources */,
				D08802231774B55400D8311A /* NSEntityDescription+MagicalDataImport.m in Sources */,
				D08802241774B55400D8311A /* NSNumber+MagicalDataImport.m in Sources */,
				D08802251774B55400D8311A /* NSObject+MagicalDataImport.m in Sources */,
				D08802261774B55400D8311A /* NSRelationshipDescription+MagicalDataImport.m in Sources */,
				D08802271774B55400D8311A /* NSString+MagicalDataImport.m in Sources */,
				D08802281774B55400D8311A /* NSManagedObject+MagicalAggregation.m in Sources */,
				D08802291774B55400D8311A /* NSManagedObject+MagicalDataImport.m in Sources */,
				D088022A1774B55400D8311A /* NSManagedObject+MagicalFinders.m in Sources */,
				D088022B1774B55400D8311A /* NSManagedObject+MagicalRecord.m in Sources */,
				D088022C1774B55400D8311A /* NSManagedObject+MagicalRequests.m in Sources */,
				D088022D1774B55400D8311A /* NSManagedObjectContext+MagicalObserving.m in Sources */,
				D088022E1774B55400D8311A /* NSManagedObjectContext+MagicalRecord.m in Sources */,
				D088022F1774B55400D8311A /* NSManagedObjectContext+MagicalSaves.m in Sources */,
				D08802301774B55400D8311A /* NSManagedObjectContext+MagicalThreading.m in Sources */,
				D08802311774B55400D8311A /* NSManagedObjectModel+MagicalRecord.m in Sources */,
				D08802321774B55400D8311A /* NSPersistentStore+MagicalRecord.m in Sources */,
				D08802331774B55400D8311A /* NSPersistentStoreCoordinator+MagicalRecord.m in Sources */,
				D08802341774B55400D8311A /* MagicalRecord+Actions.m in Sources */,
				D08802351774B55400D8311A /* MagicalRecord+ErrorHandling.m in Sources */,
				D08802361774B55400D8311A /* MagicalRecord+iCloud.m in Sources */,
				D08802371774B55400D8311A /* MagicalRecord+Options.m in Sources */,
				D08802381774B55400D8311A /* MagicalRecord+Setup.m in Sources */,
				D08802391774B55400D8311A /* MagicalRecord+ShorthandSupport.m in Sources */,
				D088023A1774B55400D8311A /* MagicalRecord.m in Sources */,
				D0D41C1E177B734D00362F13 /* common.m in Sources */,
				D0D41C25177B781D00362F13 /* customerPortfolio.m in Sources */,
				D0D41C2B177C23D500362F13 /* netraMX.m in Sources */,
				D0D41C2F177C25BE00362F13 /* PAN.xcdatamodeld in Sources */,
				D0D41C33177C260900362F13 /* Mitra.m in Sources */,
				D0D41C37177C269F00362F13 /* customer.m in Sources */,
				D0D41C3A177C7B7700362F13 /* customerCell.m in Sources */,
				D0A3CAFD177C90E600B884EA /* TJSpinner.m in Sources */,
				D0A3CB00177C945B00B884EA /* DetailCustomer.m in Sources */,
			);
			runOnlyForDeploymentPostprocessing = 0;
		};
/* End PBXSourcesBuildPhase section */

/* Begin PBXVariantGroup section */
		D04252261770B7DD000C348B /* InfoPlist.strings */ = {
			isa = PBXVariantGroup;
			children = (
				D04252271770B7DD000C348B /* en */,
			);
			name = InfoPlist.strings;
			sourceTree = "<group>";
		};
/* End PBXVariantGroup section */

/* Begin XCBuildConfiguration section */
		D04252351770B7DD000C348B /* Debug */ = {
			isa = XCBuildConfiguration;
			buildSettings = {
				ALWAYS_SEARCH_USER_PATHS = NO;
				CLANG_CXX_LANGUAGE_STANDARD = "gnu++0x";
				CLANG_CXX_LIBRARY = "libc++";
				CLANG_WARN_CONSTANT_CONVERSION = YES;
				CLANG_WARN_EMPTY_BODY = YES;
				CLANG_WARN_ENUM_CONVERSION = YES;
				CLANG_WARN_INT_CONVERSION = YES;
				CLANG_WARN__DUPLICATE_METHOD_MATCH = YES;
				"CODE_SIGN_IDENTITY[sdk=iphoneos*]" = "iPhone Developer";
				COPY_PHASE_STRIP = NO;
				GCC_C_LANGUAGE_STANDARD = gnu99;
				GCC_DYNAMIC_NO_PIC = NO;
				GCC_OPTIMIZATION_LEVEL = 0;
				GCC_PREPROCESSOR_DEFINITIONS = (
					"DEBUG=1",
					"$(inherited)",
				);
				GCC_SYMBOLS_PRIVATE_EXTERN = NO;
				GCC_WARN_ABOUT_RETURN_TYPE = YES;
				GCC_WARN_UNINITIALIZED_AUTOS = YES;
				GCC_WARN_UNUSED_VARIABLE = YES;
				IPHONEOS_DEPLOYMENT_TARGET = 5.1;
				ONLY_ACTIVE_ARCH = YES;
				SDKROOT = iphoneos;
			};
			name = Debug;
		};
		D04252361770B7DD000C348B /* Release */ = {
			isa = XCBuildConfiguration;
			buildSettings = {
				ALWAYS_SEARCH_USER_PATHS = NO;
				CLANG_CXX_LANGUAGE_STANDARD = "gnu++0x";
				CLANG_CXX_LIBRARY = "libc++";
				CLANG_WARN_CONSTANT_CONVERSION = YES;
				CLANG_WARN_EMPTY_BODY = YES;
				CLANG_WARN_ENUM_CONVERSION = YES;
				CLANG_WARN_INT_CONVERSION = YES;
				CLANG_WARN__DUPLICATE_METHOD_MATCH = YES;
				"CODE_SIGN_IDENTITY[sdk=iphoneos*]" = "iPhone Developer";
				COPY_PHASE_STRIP = YES;
				GCC_C_LANGUAGE_STANDARD = gnu99;
				GCC_WARN_ABOUT_RETURN_TYPE = YES;
				GCC_WARN_UNINITIALIZED_AUTOS = YES;
				GCC_WARN_UNUSED_VARIABLE = YES;
				IPHONEOS_DEPLOYMENT_TARGET = 5.1;
				OTHER_CFLAGS = "-DNS_BLOCK_ASSERTIONS=1";
				SDKROOT = iphoneos;
				VALIDATE_PRODUCT = YES;
			};
			name = Release;
		};
		D04252381770B7DD000C348B /* Debug */ = {
			isa = XCBuildConfiguration;
			buildSettings = {
				GCC_PRECOMPILE_PREFIX_HEADER = YES;
				GCC_PREFIX_HEADER = "PAN-AM/PAN-AM-Prefix.pch";
				INFOPLIST_FILE = "PAN-AM/PAN-AM-Info.plist";
				PRODUCT_NAME = "$(TARGET_NAME)";
				WRAPPER_EXTENSION = app;
			};
			name = Debug;
		};
		D04252391770B7DD000C348B /* Release */ = {
			isa = XCBuildConfiguration;
			buildSettings = {
				GCC_PRECOMPILE_PREFIX_HEADER = YES;
				GCC_PREFIX_HEADER = "PAN-AM/PAN-AM-Prefix.pch";
				INFOPLIST_FILE = "PAN-AM/PAN-AM-Info.plist";
				PRODUCT_NAME = "$(TARGET_NAME)";
				WRAPPER_EXTENSION = app;
			};
			name = Release;
		};
/* End XCBuildConfiguration section */

/* Begin XCConfigurationList section */
		D04252151770B7DD000C348B /* Build configuration list for PBXProject "PAN-AM" */ = {
			isa = XCConfigurationList;
			buildConfigurations = (
				D04252351770B7DD000C348B /* Debug */,
				D04252361770B7DD000C348B /* Release */,
			);
			defaultConfigurationIsVisible = 0;
			defaultConfigurationName = Release;
		};
		D04252371770B7DD000C348B /* Build configuration list for PBXNativeTarget "PAN-AM" */ = {
			isa = XCConfigurationList;
			buildConfigurations = (
				D04252381770B7DD000C348B /* Debug */,
				D04252391770B7DD000C348B /* Release */,
			);
			defaultConfigurationIsVisible = 0;
			defaultConfigurationName = Release;
		};
/* End XCConfigurationList section */

/* Begin XCVersionGroup section */
		D0D41C2D177C25BE00362F13 /* PAN.xcdatamodeld */ = {
			isa = XCVersionGroup;
			children = (
				D0D41C2E177C25BE00362F13 /* mitra.xcdatamodel */,
			);
			currentVersion = D0D41C2E177C25BE00362F13 /* mitra.xcdatamodel */;
			path = PAN.xcdatamodeld;
			sourceTree = "<group>";
			versionGroupType = wrapper.xcdatamodel;
		};
/* End XCVersionGroup section */
	};
	rootObject = D04252121770B7DD000C348B /* Project object */;
}
