// !$*UTF8*$!
{
	archiveVersion = 1;
	classes = {
	};
	objectVersion = 46;
	objects = {

/* Begin PBXBuildFile section */
		D042521E1770B7DD000C348B /* UIKit.framework in Frameworks */ = {isa = PBXBuildFile; fileRef = D042521D1770B7DD000C348B /* UIKit.framework */; };
		D04252201770B7DD000C348B /* Foundation.framework in Frameworks */ = {isa = PBXBuildFile; fileRef = D042521F1770B7DD000C348B /* Foundation.framework */; };
		D04252221770B7DD000C348B /* CoreGraphics.framework in Frameworks */ = {isa = PBXBuildFile; fileRef = D04252211770B7DD000C348B /* CoreGraphics.framework */; };
		D04252281770B7DD000C348B /* InfoPlist.strings in Resources */ = {isa = PBXBuildFile; fileRef = D04252261770B7DD000C348B /* InfoPlist.strings */; };
		D042522A1770B7DD000C348B /* main.m in Sources */ = {isa = PBXBuildFile; fileRef = D04252291770B7DD000C348B /* main.m */; };
		D042522E1770B7DD000C348B /* netraAppDelegate.m in Sources */ = {isa = PBXBuildFile; fileRef = D042522D1770B7DD000C348B /* netraAppDelegate.m */; };
		D04252301770B7DD000C348B /* Default.png in Resources */ = {isa = PBXBuildFile; fileRef = D042522F1770B7DD000C348B /* Default.png */; };
		D04252321770B7DD000C348B /* Default@2x.png in Resources */ = {isa = PBXBuildFile; fileRef = D04252311770B7DD000C348B /* Default@2x.png */; };
		D04252341770B7DD000C348B /* Default-568h@2x.png in Resources */ = {isa = PBXBuildFile; fileRef = D04252331770B7DD000C348B /* Default-568h@2x.png */; };
/* End PBXBuildFile section */

/* Begin PBXFileReference section */
		D042521A1770B7DD000C348B /* PAN-AM.app */ = {isa = PBXFileReference; explicitFileType = wrapper.application; includeInIndex = 0; path = "PAN-AM.app"; sourceTree = BUILT_PRODUCTS_DIR; };
		D042521D1770B7DD000C348B /* UIKit.framework */ = {isa = PBXFileReference; lastKnownFileType = wrapper.framework; name = UIKit.framework; path = System/Library/Frameworks/UIKit.framework; sourceTree = SDKROOT; };
		D042521F1770B7DD000C348B /* Foundation.framework */ = {isa = PBXFileReference; lastKnownFileType = wrapper.framework; name = Foundation.framework; path = System/Library/Frameworks/Foundation.framework; sourceTree = SDKROOT; };
		D04252211770B7DD000C348B /* CoreGraphics.framework */ = {isa = PBXFileReference; lastKnownFileType = wrapper.framework; name = CoreGraphics.framework; path = System/Library/Frameworks/CoreGraphics.framework; sourceTree = SDKROOT; };
		D04252251770B7DD000C348B /* PAN-AM-Info.plist */ = {isa = PBXFileReference; lastKnownFileType = text.plist.xml; path = "PAN-AM-Info.plist"; sourceTree = "<group>"; };
		D04252271770B7DD000C348B /* en */ = {isa = PBXFileReference; lastKnownFileType = text.plist.strings; name = en; path = en.lproj/InfoPlist.strings; sourceTree = "<group>"; };
		D04252291770B7DD000C348B /* main.m */ = {isa = PBXFileReference; lastKnownFileType = sourcecode.c.objc; path = main.m; sourceTree = "<group>"; };
		D042522B1770B7DD000C348B /* PAN-AM-Prefix.pch */ = {isa = PBXFileReference; lastKnownFileType = sourcecode.c.h; path = "PAN-AM-Prefix.pch"; sourceTree = "<group>"; };
		D042522C1770B7DD000C348B /* netraAppDelegate.h */ = {isa = PBXFileReference; lastKnownFileType = sourcecode.c.h; path = netraAppDelegate.h; sourceTree = "<group>"; };
		D042522D1770B7DD000C348B /* netraAppDelegate.m */ = {isa = PBXFileReference; lastKnownFileType = sourcecode.c.objc; path = netraAppDelegate.m; sourceTree = "<group>"; };
		D042522F1770B7DD000C348B /* Default.png */ = {isa = PBXFileReference; lastKnownFileType = image.png; path = Default.png; sourceTree = "<group>"; };
		D04252311770B7DD000C348B /* Default@2x.png */ = {isa = PBXFileReference; lastKnownFileType = image.png; path = "Default@2x.png"; sourceTree = "<group>"; };
		D04252331770B7DD000C348B /* Default-568h@2x.png */ = {isa = PBXFileReference; lastKnownFileType = image.png; path = "Default-568h@2x.png"; sourceTree = "<group>"; };
/* End PBXFileReference section */

/* Begin PBXFrameworksBuildPhase section */
		D04252171770B7DD000C348B /* Frameworks */ = {
			isa = PBXFrameworksBuildPhase;
			buildActionMask = 2147483647;
			files = (
				D042521E1770B7DD000C348B /* UIKit.framework in Frameworks */,
				D04252201770B7DD000C348B /* Foundation.framework in Frameworks */,
				D04252221770B7DD000C348B /* CoreGraphics.framework in Frameworks */,
			);
			runOnlyForDeploymentPostprocessing = 0;
		};
/* End PBXFrameworksBuildPhase section */

/* Begin PBXGroup section */
		D04252111770B7DD000C348B = {
			isa = PBXGroup;
			children = (
				D04252231770B7DD000C348B /* PAN-AM */,
				D042521C1770B7DD000C348B /* Frameworks */,
				D042521B1770B7DD000C348B /* Products */,
			);
			sourceTree = "<group>";
		};
		D042521B1770B7DD000C348B /* Products */ = {
			isa = PBXGroup;
			children = (
				D042521A1770B7DD000C348B /* PAN-AM.app */,
			);
			name = Products;
			sourceTree = "<group>";
		};
		D042521C1770B7DD000C348B /* Frameworks */ = {
			isa = PBXGroup;
			children = (
				D042521D1770B7DD000C348B /* UIKit.framework */,
				D042521F1770B7DD000C348B /* Foundation.framework */,
				D04252211770B7DD000C348B /* CoreGraphics.framework */,
			);
			name = Frameworks;
			sourceTree = "<group>";
		};
		D04252231770B7DD000C348B /* PAN-AM */ = {
			isa = PBXGroup;
			children = (
				D042522C1770B7DD000C348B /* netraAppDelegate.h */,
				D042522D1770B7DD000C348B /* netraAppDelegate.m */,
				D04252241770B7DD000C348B /* Supporting Files */,
			);
			path = "PAN-AM";
			sourceTree = "<group>";
		};
		D04252241770B7DD000C348B /* Supporting Files */ = {
			isa = PBXGroup;
			children = (
				D04252251770B7DD000C348B /* PAN-AM-Info.plist */,
				D04252261770B7DD000C348B /* InfoPlist.strings */,
				D04252291770B7DD000C348B /* main.m */,
				D042522B1770B7DD000C348B /* PAN-AM-Prefix.pch */,
				D042522F1770B7DD000C348B /* Default.png */,
				D04252311770B7DD000C348B /* Default@2x.png */,
				D04252331770B7DD000C348B /* Default-568h@2x.png */,
			);
			name = "Supporting Files";
			sourceTree = "<group>";
		};
/* End PBXGroup section */

/* Begin PBXNativeTarget section */
		D04252191770B7DD000C348B /* PAN-AM */ = {
			isa = PBXNativeTarget;
			buildConfigurationList = D04252371770B7DD000C348B /* Build configuration list for PBXNativeTarget "PAN-AM" */;
			buildPhases = (
				D04252161770B7DD000C348B /* Sources */,
				D04252171770B7DD000C348B /* Frameworks */,
				D04252181770B7DD000C348B /* Resources */,
			);
			buildRules = (
			);
			dependencies = (
			);
			name = "PAN-AM";
			productName = "PAN-AM";
			productReference = D042521A1770B7DD000C348B /* PAN-AM.app */;
			productType = "com.apple.product-type.application";
		};
/* End PBXNativeTarget section */

/* Begin PBXProject section */
		D04252121770B7DD000C348B /* Project object */ = {
			isa = PBXProject;
			attributes = {
				CLASSPREFIX = netra;
				LastUpgradeCheck = 0460;
				ORGANIZATIONNAME = vootobox;
			};
			buildConfigurationList = D04252151770B7DD000C348B /* Build configuration list for PBXProject "PAN-AM" */;
			compatibilityVersion = "Xcode 3.2";
			developmentRegion = English;
			hasScannedForEncodings = 0;
			knownRegions = (
				en,
			);
			mainGroup = D04252111770B7DD000C348B;
			productRefGroup = D042521B1770B7DD000C348B /* Products */;
			projectDirPath = "";
			projectRoot = "";
			targets = (
				D04252191770B7DD000C348B /* PAN-AM */,
			);
		};
/* End PBXProject section */

/* Begin PBXResourcesBuildPhase section */
		D04252181770B7DD000C348B /* Resources */ = {
			isa = PBXResourcesBuildPhase;
			buildActionMask = 2147483647;
			files = (
				D04252281770B7DD000C348B /* InfoPlist.strings in Resources */,
				D04252301770B7DD000C348B /* Default.png in Resources */,
				D04252321770B7DD000C348B /* Default@2x.png in Resources */,
				D04252341770B7DD000C348B /* Default-568h@2x.png in Resources */,
			);
			runOnlyForDeploymentPostprocessing = 0;
		};
/* End PBXResourcesBuildPhase section */

/* Begin PBXSourcesBuildPhase section */
		D04252161770B7DD000C348B /* Sources */ = {
			isa = PBXSourcesBuildPhase;
			buildActionMask = 2147483647;
			files = (
				D042522A1770B7DD000C348B /* main.m in Sources */,
				D042522E1770B7DD000C348B /* netraAppDelegate.m in Sources */,
			);
			runOnlyForDeploymentPostprocessing = 0;
		};
/* End PBXSourcesBuildPhase section */

/* Begin PBXVariantGroup section */
		D04252261770B7DD000C348B /* InfoPlist.strings */ = {
			isa = PBXVariantGroup;
			children = (
				D04252271770B7DD000C348B /* en */,
			);
			name = InfoPlist.strings;
			sourceTree = "<group>";
		};
/* End PBXVariantGroup section */

/* Begin XCBuildConfiguration section */
		D04252351770B7DD000C348B /* Debug */ = {
			isa = XCBuildConfiguration;
			buildSettings = {
				ALWAYS_SEARCH_USER_PATHS = NO;
				CLANG_CXX_LANGUAGE_STANDARD = "gnu++0x";
				CLANG_CXX_LIBRARY = "libc++";
				CLANG_WARN_CONSTANT_CONVERSION = YES;
				CLANG_WARN_EMPTY_BODY = YES;
				CLANG_WARN_ENUM_CONVERSION = YES;
				CLANG_WARN_INT_CONVERSION = YES;
				CLANG_WARN__DUPLICATE_METHOD_MATCH = YES;
				"CODE_SIGN_IDENTITY[sdk=iphoneos*]" = "iPhone Developer";
				COPY_PHASE_STRIP = NO;
				GCC_C_LANGUAGE_STANDARD = gnu99;
				GCC_DYNAMIC_NO_PIC = NO;
				GCC_OPTIMIZATION_LEVEL = 0;
				GCC_PREPROCESSOR_DEFINITIONS = (
					"DEBUG=1",
					"$(inherited)",
				);
				GCC_SYMBOLS_PRIVATE_EXTERN = NO;
				GCC_WARN_ABOUT_RETURN_TYPE = YES;
				GCC_WARN_UNINITIALIZED_AUTOS = YES;
				GCC_WARN_UNUSED_VARIABLE = YES;
				IPHONEOS_DEPLOYMENT_TARGET = 6.1;
				ONLY_ACTIVE_ARCH = YES;
				SDKROOT = iphoneos;
			};
			name = Debug;
		};
		D04252361770B7DD000C348B /* Release */ = {
			isa = XCBuildConfiguration;
			buildSettings = {
				ALWAYS_SEARCH_USER_PATHS = NO;
				CLANG_CXX_LANGUAGE_STANDARD = "gnu++0x";
				CLANG_CXX_LIBRARY = "libc++";
				CLANG_WARN_CONSTANT_CONVERSION = YES;
				CLANG_WARN_EMPTY_BODY = YES;
				CLANG_WARN_ENUM_CONVERSION = YES;
				CLANG_WARN_INT_CONVERSION = YES;
				CLANG_WARN__DUPLICATE_METHOD_MATCH = YES;
				"CODE_SIGN_IDENTITY[sdk=iphoneos*]" = "iPhone Developer";
				COPY_PHASE_STRIP = YES;
				GCC_C_LANGUAGE_STANDARD = gnu99;
				GCC_WARN_ABOUT_RETURN_TYPE = YES;
				GCC_WARN_UNINITIALIZED_AUTOS = YES;
				GCC_WARN_UNUSED_VARIABLE = YES;
				IPHONEOS_DEPLOYMENT_TARGET = 6.1;
				OTHER_CFLAGS = "-DNS_BLOCK_ASSERTIONS=1";
				SDKROOT = iphoneos;
				VALIDATE_PRODUCT = YES;
			};
			name = Release;
		};
		D04252381770B7DD000C348B /* Debug */ = {
			isa = XCBuildConfiguration;
			buildSettings = {
				GCC_PRECOMPILE_PREFIX_HEADER = YES;
				GCC_PREFIX_HEADER = "PAN-AM/PAN-AM-Prefix.pch";
				INFOPLIST_FILE = "PAN-AM/PAN-AM-Info.plist";
				PRODUCT_NAME = "$(TARGET_NAME)";
				WRAPPER_EXTENSION = app;
			};
			name = Debug;
		};
		D04252391770B7DD000C348B /* Release */ = {
			isa = XCBuildConfiguration;
			buildSettings = {
				GCC_PRECOMPILE_PREFIX_HEADER = YES;
				GCC_PREFIX_HEADER = "PAN-AM/PAN-AM-Prefix.pch";
				INFOPLIST_FILE = "PAN-AM/PAN-AM-Info.plist";
				PRODUCT_NAME = "$(TARGET_NAME)";
				WRAPPER_EXTENSION = app;
			};
			name = Release;
		};
/* End XCBuildConfiguration section */

/* Begin XCConfigurationList section */
		D04252151770B7DD000C348B /* Build configuration list for PBXProject "PAN-AM" */ = {
			isa = XCConfigurationList;
			buildConfigurations = (
				D04252351770B7DD000C348B /* Debug */,
				D04252361770B7DD000C348B /* Release */,
			);
			defaultConfigurationIsVisible = 0;
			defaultConfigurationName = Release;
		};
		D04252371770B7DD000C348B /* Build configuration list for PBXNativeTarget "PAN-AM" */ = {
			isa = XCConfigurationList;
			buildConfigurations = (
				D04252381770B7DD000C348B /* Debug */,
				D04252391770B7DD000C348B /* Release */,
			);
			defaultConfigurationIsVisible = 0;
		};
/* End XCConfigurationList section */
	};
	rootObject = D04252121770B7DD000C348B /* Project object */;
}
